// !$*UTF8*$!
{
	archiveVersion = 1;
	classes = {
	};
	objectVersion = 51;
	objects = {

/* Begin PBXBuildFile section */
		2967C2F39E399953A4883E61 /* Pods_DecorYou.framework in Frameworks */ = {isa = PBXBuildFile; fileRef = 2DCBAF85DD003295D6685158 /* Pods_DecorYou.framework */; };
		647A7CAC23D83376005D1946 /* AppDelegate.swift in Sources */ = {isa = PBXBuildFile; fileRef = 647A7CAB23D83376005D1946 /* AppDelegate.swift */; };
		647A7CB023D83376005D1946 /* STTabBarViewController.swift in Sources */ = {isa = PBXBuildFile; fileRef = 647A7CAF23D83376005D1946 /* STTabBarViewController.swift */; };
		647A7CB323D83376005D1946 /* Main.storyboard in Resources */ = {isa = PBXBuildFile; fileRef = 647A7CB123D83376005D1946 /* Main.storyboard */; };
		647A7CB523D83377005D1946 /* Assets.xcassets in Resources */ = {isa = PBXBuildFile; fileRef = 647A7CB423D83377005D1946 /* Assets.xcassets */; };
		647A7CB823D83377005D1946 /* LaunchScreen.storyboard in Resources */ = {isa = PBXBuildFile; fileRef = 647A7CB623D83377005D1946 /* LaunchScreen.storyboard */; };
		647A7CC023D833D4005D1946 /* GoogleService-Info.plist in Resources */ = {isa = PBXBuildFile; fileRef = 647A7CBF23D833D4005D1946 /* GoogleService-Info.plist */; };
		647A7CC223D83718005D1946 /* ArticleViewController.swift in Sources */ = {isa = PBXBuildFile; fileRef = 647A7CC123D83718005D1946 /* ArticleViewController.swift */; };
		647A7CC423D83B7F005D1946 /* Profile.storyboard in Resources */ = {isa = PBXBuildFile; fileRef = 647A7CC323D83B7F005D1946 /* Profile.storyboard */; };
		647A7CC623D83B92005D1946 /* Chat.storyboard in Resources */ = {isa = PBXBuildFile; fileRef = 647A7CC523D83B92005D1946 /* Chat.storyboard */; };
		647A7CC823D83BA0005D1946 /* Craftsmen.storyboard in Resources */ = {isa = PBXBuildFile; fileRef = 647A7CC723D83BA0005D1946 /* Craftsmen.storyboard */; };
		647A7CCA23D83BB0005D1946 /* Article.storyboard in Resources */ = {isa = PBXBuildFile; fileRef = 647A7CC923D83BB0005D1946 /* Article.storyboard */; };
		647A7CCC23D83BCE005D1946 /* UIStoryboard+Extension.swift in Sources */ = {isa = PBXBuildFile; fileRef = 647A7CCB23D83BCE005D1946 /* UIStoryboard+Extension.swift */; };
		647A7CCE23D83C61005D1946 /* UIImage+Extension.swift in Sources */ = {isa = PBXBuildFile; fileRef = 647A7CCD23D83C61005D1946 /* UIImage+Extension.swift */; };
		647A7CD123D83DCA005D1946 /* Auth.storyboard in Resources */ = {isa = PBXBuildFile; fileRef = 647A7CD023D83DCA005D1946 /* Auth.storyboard */; };
		647A7CD323D83E33005D1946 /* AuthViewController.swift in Sources */ = {isa = PBXBuildFile; fileRef = 647A7CD223D83E33005D1946 /* AuthViewController.swift */; };
		647A7CD523D83E49005D1946 /* CraftsmenViewController.swift in Sources */ = {isa = PBXBuildFile; fileRef = 647A7CD423D83E49005D1946 /* CraftsmenViewController.swift */; };
		647A7CD723D83E55005D1946 /* ChatViewController.swift in Sources */ = {isa = PBXBuildFile; fileRef = 647A7CD623D83E55005D1946 /* ChatViewController.swift */; };
		647A7CD923D83E5E005D1946 /* ProfileViewController.swift in Sources */ = {isa = PBXBuildFile; fileRef = 647A7CD823D83E5E005D1946 /* ProfileViewController.swift */; };
/* End PBXBuildFile section */

/* Begin PBXFileReference section */
		16811DD988D5917B85CF4132 /* Pods-DecorYou.release.xcconfig */ = {isa = PBXFileReference; includeInIndex = 1; lastKnownFileType = text.xcconfig; name = "Pods-DecorYou.release.xcconfig"; path = "Target Support Files/Pods-DecorYou/Pods-DecorYou.release.xcconfig"; sourceTree = "<group>"; };
		1F3011E028BC5AE10C835F5E /* Pods-DecorYou.debug.xcconfig */ = {isa = PBXFileReference; includeInIndex = 1; lastKnownFileType = text.xcconfig; name = "Pods-DecorYou.debug.xcconfig"; path = "Target Support Files/Pods-DecorYou/Pods-DecorYou.debug.xcconfig"; sourceTree = "<group>"; };
		2DCBAF85DD003295D6685158 /* Pods_DecorYou.framework */ = {isa = PBXFileReference; explicitFileType = wrapper.framework; includeInIndex = 0; path = Pods_DecorYou.framework; sourceTree = BUILT_PRODUCTS_DIR; };
		647A7CA823D83376005D1946 /* DecorYou.app */ = {isa = PBXFileReference; explicitFileType = wrapper.application; includeInIndex = 0; path = DecorYou.app; sourceTree = BUILT_PRODUCTS_DIR; };
		647A7CAB23D83376005D1946 /* AppDelegate.swift */ = {isa = PBXFileReference; lastKnownFileType = sourcecode.swift; path = AppDelegate.swift; sourceTree = "<group>"; };
		647A7CAF23D83376005D1946 /* STTabBarViewController.swift */ = {isa = PBXFileReference; lastKnownFileType = sourcecode.swift; path = STTabBarViewController.swift; sourceTree = "<group>"; };
		647A7CB223D83376005D1946 /* Base */ = {isa = PBXFileReference; lastKnownFileType = file.storyboard; name = Base; path = Base.lproj/Main.storyboard; sourceTree = "<group>"; };
		647A7CB423D83377005D1946 /* Assets.xcassets */ = {isa = PBXFileReference; lastKnownFileType = folder.assetcatalog; path = Assets.xcassets; sourceTree = "<group>"; };
		647A7CB723D83377005D1946 /* Base */ = {isa = PBXFileReference; lastKnownFileType = file.storyboard; name = Base; path = Base.lproj/LaunchScreen.storyboard; sourceTree = "<group>"; };
		647A7CB923D83377005D1946 /* Info.plist */ = {isa = PBXFileReference; lastKnownFileType = text.plist.xml; path = Info.plist; sourceTree = "<group>"; };
		647A7CBF23D833D4005D1946 /* GoogleService-Info.plist */ = {isa = PBXFileReference; fileEncoding = 4; lastKnownFileType = text.plist.xml; path = "GoogleService-Info.plist"; sourceTree = "<group>"; };
		647A7CC123D83718005D1946 /* ArticleViewController.swift */ = {isa = PBXFileReference; lastKnownFileType = sourcecode.swift; path = ArticleViewController.swift; sourceTree = "<group>"; };
		647A7CC323D83B7F005D1946 /* Profile.storyboard */ = {isa = PBXFileReference; lastKnownFileType = file.storyboard; path = Profile.storyboard; sourceTree = "<group>"; };
		647A7CC523D83B92005D1946 /* Chat.storyboard */ = {isa = PBXFileReference; lastKnownFileType = file.storyboard; path = Chat.storyboard; sourceTree = "<group>"; };
		647A7CC723D83BA0005D1946 /* Craftsmen.storyboard */ = {isa = PBXFileReference; lastKnownFileType = file.storyboard; path = Craftsmen.storyboard; sourceTree = "<group>"; };
		647A7CC923D83BB0005D1946 /* Article.storyboard */ = {isa = PBXFileReference; lastKnownFileType = file.storyboard; path = Article.storyboard; sourceTree = "<group>"; };
		647A7CCB23D83BCE005D1946 /* UIStoryboard+Extension.swift */ = {isa = PBXFileReference; lastKnownFileType = sourcecode.swift; path = "UIStoryboard+Extension.swift"; sourceTree = "<group>"; };
		647A7CCD23D83C61005D1946 /* UIImage+Extension.swift */ = {isa = PBXFileReference; lastKnownFileType = sourcecode.swift; path = "UIImage+Extension.swift"; sourceTree = "<group>"; };
		647A7CD023D83DCA005D1946 /* Auth.storyboard */ = {isa = PBXFileReference; lastKnownFileType = file.storyboard; path = Auth.storyboard; sourceTree = "<group>"; };
		647A7CD223D83E33005D1946 /* AuthViewController.swift */ = {isa = PBXFileReference; lastKnownFileType = sourcecode.swift; path = AuthViewController.swift; sourceTree = "<group>"; };
		647A7CD423D83E49005D1946 /* CraftsmenViewController.swift */ = {isa = PBXFileReference; lastKnownFileType = sourcecode.swift; path = CraftsmenViewController.swift; sourceTree = "<group>"; };
		647A7CD623D83E55005D1946 /* ChatViewController.swift */ = {isa = PBXFileReference; lastKnownFileType = sourcecode.swift; path = ChatViewController.swift; sourceTree = "<group>"; };
		647A7CD823D83E5E005D1946 /* ProfileViewController.swift */ = {isa = PBXFileReference; lastKnownFileType = sourcecode.swift; path = ProfileViewController.swift; sourceTree = "<group>"; };
/* End PBXFileReference section */

/* Begin PBXFrameworksBuildPhase section */
		647A7CA523D83376005D1946 /* Frameworks */ = {
			isa = PBXFrameworksBuildPhase;
			buildActionMask = 2147483647;
			files = (
				2967C2F39E399953A4883E61 /* Pods_DecorYou.framework in Frameworks */,
			);
			runOnlyForDeploymentPostprocessing = 0;
		};
/* End PBXFrameworksBuildPhase section */

/* Begin PBXGroup section */
		07595BBCB594480F96A0B84B /* Frameworks */ = {
			isa = PBXGroup;
			children = (
				2DCBAF85DD003295D6685158 /* Pods_DecorYou.framework */,
			);
			name = Frameworks;
			sourceTree = "<group>";
		};
		570C59BECAFBADDCD4206828 /* Pods */ = {
			isa = PBXGroup;
			children = (
				1F3011E028BC5AE10C835F5E /* Pods-DecorYou.debug.xcconfig */,
				16811DD988D5917B85CF4132 /* Pods-DecorYou.release.xcconfig */,
			);
			path = Pods;
			sourceTree = "<group>";
		};
		647A7C9F23D83376005D1946 = {
			isa = PBXGroup;
			children = (
				647A7CAA23D83376005D1946 /* DecorYou */,
				647A7CA923D83376005D1946 /* Products */,
				570C59BECAFBADDCD4206828 /* Pods */,
				07595BBCB594480F96A0B84B /* Frameworks */,
			);
			sourceTree = "<group>";
		};
		647A7CA923D83376005D1946 /* Products */ = {
			isa = PBXGroup;
			children = (
				647A7CA823D83376005D1946 /* DecorYou.app */,
			);
			name = Products;
			sourceTree = "<group>";
		};
		647A7CAA23D83376005D1946 /* DecorYou */ = {
			isa = PBXGroup;
			children = (
				647A7CAB23D83376005D1946 /* AppDelegate.swift */,
				647A7CAF23D83376005D1946 /* STTabBarViewController.swift */,
				647A7CCF23D83C7C005D1946 /* Extension */,
				647A7CD023D83DCA005D1946 /* Auth.storyboard */,
				647A7CC923D83BB0005D1946 /* Article.storyboard */,
				647A7CC723D83BA0005D1946 /* Craftsmen.storyboard */,
				647A7CC523D83B92005D1946 /* Chat.storyboard */,
				647A7CC323D83B7F005D1946 /* Profile.storyboard */,
				647A7CC123D83718005D1946 /* ArticleViewController.swift */,
				647A7CD423D83E49005D1946 /* CraftsmenViewController.swift */,
				647A7CD623D83E55005D1946 /* ChatViewController.swift */,
				647A7CD823D83E5E005D1946 /* ProfileViewController.swift */,
				647A7CD223D83E33005D1946 /* AuthViewController.swift */,
				647A7CB123D83376005D1946 /* Main.storyboard */,
				647A7CB423D83377005D1946 /* Assets.xcassets */,
				647A7CB623D83377005D1946 /* LaunchScreen.storyboard */,
				647A7CB923D83377005D1946 /* Info.plist */,
				647A7CBF23D833D4005D1946 /* GoogleService-Info.plist */,
			);
			path = DecorYou;
			sourceTree = "<group>";
		};
		647A7CCF23D83C7C005D1946 /* Extension */ = {
			isa = PBXGroup;
			children = (
				647A7CCD23D83C61005D1946 /* UIImage+Extension.swift */,
				647A7CCB23D83BCE005D1946 /* UIStoryboard+Extension.swift */,
			);
			path = Extension;
			sourceTree = "<group>";
		};
/* End PBXGroup section */

/* Begin PBXNativeTarget section */
		647A7CA723D83376005D1946 /* DecorYou */ = {
			isa = PBXNativeTarget;
			buildConfigurationList = 647A7CBC23D83377005D1946 /* Build configuration list for PBXNativeTarget "DecorYou" */;
			buildPhases = (
				8C906B328BE8B7848B35CA53 /* [CP] Check Pods Manifest.lock */,
				647A7CA423D83376005D1946 /* Sources */,
				647A7CA523D83376005D1946 /* Frameworks */,
				647A7CA623D83376005D1946 /* Resources */,
				8F45C7CA5CC3F96C50562D4B /* [CP] Embed Pods Frameworks */,
			);
			buildRules = (
			);
			dependencies = (
			);
			name = DecorYou;
			productName = DecorYou;
			productReference = 647A7CA823D83376005D1946 /* DecorYou.app */;
			productType = "com.apple.product-type.application";
		};
/* End PBXNativeTarget section */

/* Begin PBXProject section */
		647A7CA023D83376005D1946 /* Project object */ = {
			isa = PBXProject;
			attributes = {
				LastSwiftUpdateCheck = 1120;
				LastUpgradeCheck = 1120;
				ORGANIZATIONNAME = Hamburger;
				TargetAttributes = {
					647A7CA723D83376005D1946 = {
						CreatedOnToolsVersion = 11.2.1;
					};
				};
			};
			buildConfigurationList = 647A7CA323D83376005D1946 /* Build configuration list for PBXProject "DecorYou" */;
			compatibilityVersion = "Xcode 9.3";
			developmentRegion = en;
			hasScannedForEncodings = 0;
			knownRegions = (
				en,
				Base,
			);
			mainGroup = 647A7C9F23D83376005D1946;
			productRefGroup = 647A7CA923D83376005D1946 /* Products */;
			projectDirPath = "";
			projectRoot = "";
			targets = (
				647A7CA723D83376005D1946 /* DecorYou */,
			);
		};
/* End PBXProject section */

/* Begin PBXResourcesBuildPhase section */
		647A7CA623D83376005D1946 /* Resources */ = {
			isa = PBXResourcesBuildPhase;
			buildActionMask = 2147483647;
			files = (
				647A7CD123D83DCA005D1946 /* Auth.storyboard in Resources */,
				647A7CC623D83B92005D1946 /* Chat.storyboard in Resources */,
				647A7CB823D83377005D1946 /* LaunchScreen.storyboard in Resources */,
				647A7CC023D833D4005D1946 /* GoogleService-Info.plist in Resources */,
				647A7CC423D83B7F005D1946 /* Profile.storyboard in Resources */,
				647A7CC823D83BA0005D1946 /* Craftsmen.storyboard in Resources */,
				647A7CCA23D83BB0005D1946 /* Article.storyboard in Resources */,
				647A7CB523D83377005D1946 /* Assets.xcassets in Resources */,
				647A7CB323D83376005D1946 /* Main.storyboard in Resources */,
			);
			runOnlyForDeploymentPostprocessing = 0;
		};
/* End PBXResourcesBuildPhase section */

/* Begin PBXShellScriptBuildPhase section */
		8C906B328BE8B7848B35CA53 /* [CP] Check Pods Manifest.lock */ = {
			isa = PBXShellScriptBuildPhase;
			buildActionMask = 2147483647;
			files = (
			);
			inputFileListPaths = (
			);
			inputPaths = (
				"${PODS_PODFILE_DIR_PATH}/Podfile.lock",
				"${PODS_ROOT}/Manifest.lock",
			);
			name = "[CP] Check Pods Manifest.lock";
			outputFileListPaths = (
			);
			outputPaths = (
				"$(DERIVED_FILE_DIR)/Pods-DecorYou-checkManifestLockResult.txt",
			);
			runOnlyForDeploymentPostprocessing = 0;
			shellPath = /bin/sh;
			shellScript = "diff \"${PODS_PODFILE_DIR_PATH}/Podfile.lock\" \"${PODS_ROOT}/Manifest.lock\" > /dev/null\nif [ $? != 0 ] ; then\n    # print error to STDERR\n    echo \"error: The sandbox is not in sync with the Podfile.lock. Run 'pod install' or update your CocoaPods installation.\" >&2\n    exit 1\nfi\n# This output is used by Xcode 'outputs' to avoid re-running this script phase.\necho \"SUCCESS\" > \"${SCRIPT_OUTPUT_FILE_0}\"\n";
			showEnvVarsInLog = 0;
		};
		8F45C7CA5CC3F96C50562D4B /* [CP] Embed Pods Frameworks */ = {
			isa = PBXShellScriptBuildPhase;
			buildActionMask = 2147483647;
			files = (
			);
			inputFileListPaths = (
				"${PODS_ROOT}/Target Support Files/Pods-DecorYou/Pods-DecorYou-frameworks-${CONFIGURATION}-input-files.xcfilelist",
			);
			name = "[CP] Embed Pods Frameworks";
			outputFileListPaths = (
				"${PODS_ROOT}/Target Support Files/Pods-DecorYou/Pods-DecorYou-frameworks-${CONFIGURATION}-output-files.xcfilelist",
			);
			runOnlyForDeploymentPostprocessing = 0;
			shellPath = /bin/sh;
			shellScript = "\"${PODS_ROOT}/Target Support Files/Pods-DecorYou/Pods-DecorYou-frameworks.sh\"\n";
			showEnvVarsInLog = 0;
		};
/* End PBXShellScriptBuildPhase section */

/* Begin PBXSourcesBuildPhase section */
		647A7CA423D83376005D1946 /* Sources */ = {
			isa = PBXSourcesBuildPhase;
			buildActionMask = 2147483647;
			files = (
				647A7CB023D83376005D1946 /* STTabBarViewController.swift in Sources */,
				647A7CD523D83E49005D1946 /* CraftsmenViewController.swift in Sources */,
				647A7CD723D83E55005D1946 /* ChatViewController.swift in Sources */,
				647A7CC223D83718005D1946 /* ArticleViewController.swift in Sources */,
				647A7CCE23D83C61005D1946 /* UIImage+Extension.swift in Sources */,
				647A7CCC23D83BCE005D1946 /* UIStoryboard+Extension.swift in Sources */,
				647A7CD923D83E5E005D1946 /* ProfileViewController.swift in Sources */,
				647A7CD323D83E33005D1946 /* AuthViewController.swift in Sources */,
				647A7CAC23D83376005D1946 /* AppDelegate.swift in Sources */,
			);
			runOnlyForDeploymentPostprocessing = 0;
		};
/* End PBXSourcesBuildPhase section */

/* Begin PBXVariantGroup section */
		647A7CB123D83376005D1946 /* Main.storyboard */ = {
			isa = PBXVariantGroup;
			children = (
				647A7CB223D83376005D1946 /* Base */,
			);
			name = Main.storyboard;
			sourceTree = "<group>";
		};
		647A7CB623D83377005D1946 /* LaunchScreen.storyboard */ = {
			isa = PBXVariantGroup;
			children = (
				647A7CB723D83377005D1946 /* Base */,
			);
			name = LaunchScreen.storyboard;
			sourceTree = "<group>";
		};
/* End PBXVariantGroup section */

/* Begin XCBuildConfiguration section */
		647A7CBA23D83377005D1946 /* Debug */ = {
			isa = XCBuildConfiguration;
			buildSettings = {
				ALWAYS_SEARCH_USER_PATHS = NO;
				CLANG_ANALYZER_NONNULL = YES;
				CLANG_ANALYZER_NUMBER_OBJECT_CONVERSION = YES_AGGRESSIVE;
				CLANG_CXX_LANGUAGE_STANDARD = "gnu++14";
				CLANG_CXX_LIBRARY = "libc++";
				CLANG_ENABLE_MODULES = YES;
				CLANG_ENABLE_OBJC_ARC = YES;
				CLANG_ENABLE_OBJC_WEAK = YES;
				CLANG_WARN_BLOCK_CAPTURE_AUTORELEASING = YES;
				CLANG_WARN_BOOL_CONVERSION = YES;
				CLANG_WARN_COMMA = YES;
				CLANG_WARN_CONSTANT_CONVERSION = YES;
				CLANG_WARN_DEPRECATED_OBJC_IMPLEMENTATIONS = YES;
				CLANG_WARN_DIRECT_OBJC_ISA_USAGE = YES_ERROR;
				CLANG_WARN_DOCUMENTATION_COMMENTS = YES;
				CLANG_WARN_EMPTY_BODY = YES;
				CLANG_WARN_ENUM_CONVERSION = YES;
				CLANG_WARN_INFINITE_RECURSION = YES;
				CLANG_WARN_INT_CONVERSION = YES;
				CLANG_WARN_NON_LITERAL_NULL_CONVERSION = YES;
				CLANG_WARN_OBJC_IMPLICIT_RETAIN_SELF = YES;
				CLANG_WARN_OBJC_LITERAL_CONVERSION = YES;
				CLANG_WARN_OBJC_ROOT_CLASS = YES_ERROR;
				CLANG_WARN_RANGE_LOOP_ANALYSIS = YES;
				CLANG_WARN_STRICT_PROTOTYPES = YES;
				CLANG_WARN_SUSPICIOUS_MOVE = YES;
				CLANG_WARN_UNGUARDED_AVAILABILITY = YES_AGGRESSIVE;
				CLANG_WARN_UNREACHABLE_CODE = YES;
				CLANG_WARN__DUPLICATE_METHOD_MATCH = YES;
				COPY_PHASE_STRIP = NO;
				DEBUG_INFORMATION_FORMAT = dwarf;
				ENABLE_STRICT_OBJC_MSGSEND = YES;
				ENABLE_TESTABILITY = YES;
				GCC_C_LANGUAGE_STANDARD = gnu11;
				GCC_DYNAMIC_NO_PIC = NO;
				GCC_NO_COMMON_BLOCKS = YES;
				GCC_OPTIMIZATION_LEVEL = 0;
				GCC_PREPROCESSOR_DEFINITIONS = (
					"DEBUG=1",
					"$(inherited)",
				);
				GCC_WARN_64_TO_32_BIT_CONVERSION = YES;
				GCC_WARN_ABOUT_RETURN_TYPE = YES_ERROR;
				GCC_WARN_UNDECLARED_SELECTOR = YES;
				GCC_WARN_UNINITIALIZED_AUTOS = YES_AGGRESSIVE;
				GCC_WARN_UNUSED_FUNCTION = YES;
				GCC_WARN_UNUSED_VARIABLE = YES;
				IPHONEOS_DEPLOYMENT_TARGET = 13.2;
				MTL_ENABLE_DEBUG_INFO = INCLUDE_SOURCE;
				MTL_FAST_MATH = YES;
				ONLY_ACTIVE_ARCH = YES;
				SDKROOT = iphoneos;
				SWIFT_ACTIVE_COMPILATION_CONDITIONS = DEBUG;
				SWIFT_OPTIMIZATION_LEVEL = "-Onone";
			};
			name = Debug;
		};
		647A7CBB23D83377005D1946 /* Release */ = {
			isa = XCBuildConfiguration;
			buildSettings = {
				ALWAYS_SEARCH_USER_PATHS = NO;
				CLANG_ANALYZER_NONNULL = YES;
				CLANG_ANALYZER_NUMBER_OBJECT_CONVERSION = YES_AGGRESSIVE;
				CLANG_CXX_LANGUAGE_STANDARD = "gnu++14";
				CLANG_CXX_LIBRARY = "libc++";
				CLANG_ENABLE_MODULES = YES;
				CLANG_ENABLE_OBJC_ARC = YES;
				CLANG_ENABLE_OBJC_WEAK = YES;
				CLANG_WARN_BLOCK_CAPTURE_AUTORELEASING = YES;
				CLANG_WARN_BOOL_CONVERSION = YES;
				CLANG_WARN_COMMA = YES;
				CLANG_WARN_CONSTANT_CONVERSION = YES;
				CLANG_WARN_DEPRECATED_OBJC_IMPLEMENTATIONS = YES;
				CLANG_WARN_DIRECT_OBJC_ISA_USAGE = YES_ERROR;
				CLANG_WARN_DOCUMENTATION_COMMENTS = YES;
				CLANG_WARN_EMPTY_BODY = YES;
				CLANG_WARN_ENUM_CONVERSION = YES;
				CLANG_WARN_INFINITE_RECURSION = YES;
				CLANG_WARN_INT_CONVERSION = YES;
				CLANG_WARN_NON_LITERAL_NULL_CONVERSION = YES;
				CLANG_WARN_OBJC_IMPLICIT_RETAIN_SELF = YES;
				CLANG_WARN_OBJC_LITERAL_CONVERSION = YES;
				CLANG_WARN_OBJC_ROOT_CLASS = YES_ERROR;
				CLANG_WARN_RANGE_LOOP_ANALYSIS = YES;
				CLANG_WARN_STRICT_PROTOTYPES = YES;
				CLANG_WARN_SUSPICIOUS_MOVE = YES;
				CLANG_WARN_UNGUARDED_AVAILABILITY = YES_AGGRESSIVE;
				CLANG_WARN_UNREACHABLE_CODE = YES;
				CLANG_WARN__DUPLICATE_METHOD_MATCH = YES;
				COPY_PHASE_STRIP = NO;
				DEBUG_INFORMATION_FORMAT = "dwarf-with-dsym";
				ENABLE_NS_ASSERTIONS = NO;
				ENABLE_STRICT_OBJC_MSGSEND = YES;
				GCC_C_LANGUAGE_STANDARD = gnu11;
				GCC_NO_COMMON_BLOCKS = YES;
				GCC_WARN_64_TO_32_BIT_CONVERSION = YES;
				GCC_WARN_ABOUT_RETURN_TYPE = YES_ERROR;
				GCC_WARN_UNDECLARED_SELECTOR = YES;
				GCC_WARN_UNINITIALIZED_AUTOS = YES_AGGRESSIVE;
				GCC_WARN_UNUSED_FUNCTION = YES;
				GCC_WARN_UNUSED_VARIABLE = YES;
				IPHONEOS_DEPLOYMENT_TARGET = 13.2;
				MTL_ENABLE_DEBUG_INFO = NO;
				MTL_FAST_MATH = YES;
				SDKROOT = iphoneos;
				SWIFT_COMPILATION_MODE = wholemodule;
				SWIFT_OPTIMIZATION_LEVEL = "-O";
				VALIDATE_PRODUCT = YES;
			};
			name = Release;
		};
		647A7CBD23D83377005D1946 /* Debug */ = {
			isa = XCBuildConfiguration;
			baseConfigurationReference = 1F3011E028BC5AE10C835F5E /* Pods-DecorYou.debug.xcconfig */;
			buildSettings = {
				ASSETCATALOG_COMPILER_APPICON_NAME = AppIcon;
				CODE_SIGN_STYLE = Automatic;
				INFOPLIST_FILE = DecorYou/Info.plist;
				LD_RUNPATH_SEARCH_PATHS = (
					"$(inherited)",
					"@executable_path/Frameworks",
				);
				PRODUCT_BUNDLE_IDENTIFIER = com.hamburger.DecorYou;
				PRODUCT_NAME = "$(TARGET_NAME)";
				SWIFT_VERSION = 5.0;
				TARGETED_DEVICE_FAMILY = "1,2";
			};
			name = Debug;
		};
		647A7CBE23D83377005D1946 /* Release */ = {
			isa = XCBuildConfiguration;
			baseConfigurationReference = 16811DD988D5917B85CF4132 /* Pods-DecorYou.release.xcconfig */;
			buildSettings = {
				ASSETCATALOG_COMPILER_APPICON_NAME = AppIcon;
				CODE_SIGN_STYLE = Automatic;
				INFOPLIST_FILE = DecorYou/Info.plist;
				LD_RUNPATH_SEARCH_PATHS = (
					"$(inherited)",
					"@executable_path/Frameworks",
				);
				PRODUCT_BUNDLE_IDENTIFIER = com.hamburger.DecorYou;
				PRODUCT_NAME = "$(TARGET_NAME)";
				SWIFT_VERSION = 5.0;
				TARGETED_DEVICE_FAMILY = "1,2";
			};
			name = Release;
		};
/* End XCBuildConfiguration section */

/* Begin XCConfigurationList section */
		647A7CA323D83376005D1946 /* Build configuration list for PBXProject "DecorYou" */ = {
			isa = XCConfigurationList;
			buildConfigurations = (
				647A7CBA23D83377005D1946 /* Debug */,
				647A7CBB23D83377005D1946 /* Release */,
			);
			defaultConfigurationIsVisible = 0;
			defaultConfigurationName = Release;
		};
		647A7CBC23D83377005D1946 /* Build configuration list for PBXNativeTarget "DecorYou" */ = {
			isa = XCConfigurationList;
			buildConfigurations = (
				647A7CBD23D83377005D1946 /* Debug */,
				647A7CBE23D83377005D1946 /* Release */,
			);
			defaultConfigurationIsVisible = 0;
			defaultConfigurationName = Release;
		};
/* End XCConfigurationList section */
	};
	rootObject = 647A7CA023D83376005D1946 /* Project object */;
}
