// !$*UTF8*$!
{
	archiveVersion = 1;
	classes = {
	};
	objectVersion = 51;
	objects = {

/* Begin PBXBuildFile section */
		2967C2F39E399953A4883E61 /* Pods_DecorYou.framework in Frameworks */ = {isa = PBXBuildFile; fileRef = 2DCBAF85DD003295D6685158 /* Pods_DecorYou.framework */; };
		64012B9823F67009001D20D0 /* ServiceAreaViewController.swift in Sources */ = {isa = PBXBuildFile; fileRef = 64012B9723F67009001D20D0 /* ServiceAreaViewController.swift */; };
		64012B9B23F67043001D20D0 /* ServiceAreaCollectionViewCell.swift in Sources */ = {isa = PBXBuildFile; fileRef = 64012B9923F67043001D20D0 /* ServiceAreaCollectionViewCell.swift */; };
		64012B9C23F67043001D20D0 /* ServiceAreaCollectionViewCell.xib in Resources */ = {isa = PBXBuildFile; fileRef = 64012B9A23F67043001D20D0 /* ServiceAreaCollectionViewCell.xib */; };
		64012BA023F7F7ED001D20D0 /* UploadProfolioViewController.swift in Sources */ = {isa = PBXBuildFile; fileRef = 64012B9F23F7F7ED001D20D0 /* UploadProfolioViewController.swift */; };
		64012BA323F7FA81001D20D0 /* UploadProfolioTableViewCell.swift in Sources */ = {isa = PBXBuildFile; fileRef = 64012BA123F7FA81001D20D0 /* UploadProfolioTableViewCell.swift */; };
		64012BA423F7FA81001D20D0 /* UploadProfolioTableViewCell.xib in Resources */ = {isa = PBXBuildFile; fileRef = 64012BA223F7FA81001D20D0 /* UploadProfolioTableViewCell.xib */; };
		6406275923EA91EC00086434 /* ArticleAnimationTransition.swift in Sources */ = {isa = PBXBuildFile; fileRef = 6406275823EA91EC00086434 /* ArticleAnimationTransition.swift */; };
		6406275C23EA936700086434 /* ReadPostViewController.swift in Sources */ = {isa = PBXBuildFile; fileRef = 6406275B23EA936700086434 /* ReadPostViewController.swift */; };
		6406275F23EA942900086434 /* ReadPostTableViewHeaderView.swift in Sources */ = {isa = PBXBuildFile; fileRef = 6406275D23EA942900086434 /* ReadPostTableViewHeaderView.swift */; };
		6406276223EAA10100086434 /* ReadPostBottomView.swift in Sources */ = {isa = PBXBuildFile; fileRef = 6406276123EAA10100086434 /* ReadPostBottomView.swift */; };
		6406276423EAA21D00086434 /* ReadPostBottomView.xib in Resources */ = {isa = PBXBuildFile; fileRef = 6406276323EAA21D00086434 /* ReadPostBottomView.xib */; };
		6406276623EAAD1200086434 /* MoreViewController.swift in Sources */ = {isa = PBXBuildFile; fileRef = 6406276523EAAD1200086434 /* MoreViewController.swift */; };
		6406276823EAB4B200086434 /* ReplyViewController.swift in Sources */ = {isa = PBXBuildFile; fileRef = 6406276723EAB4B200086434 /* ReplyViewController.swift */; };
		647A7CAC23D83376005D1946 /* AppDelegate.swift in Sources */ = {isa = PBXBuildFile; fileRef = 647A7CAB23D83376005D1946 /* AppDelegate.swift */; };
		647A7CB023D83376005D1946 /* STTabBarViewController.swift in Sources */ = {isa = PBXBuildFile; fileRef = 647A7CAF23D83376005D1946 /* STTabBarViewController.swift */; };
		647A7CB323D83376005D1946 /* Main.storyboard in Resources */ = {isa = PBXBuildFile; fileRef = 647A7CB123D83376005D1946 /* Main.storyboard */; };
		647A7CB523D83377005D1946 /* Assets.xcassets in Resources */ = {isa = PBXBuildFile; fileRef = 647A7CB423D83377005D1946 /* Assets.xcassets */; };
		647A7CB823D83377005D1946 /* LaunchScreen.storyboard in Resources */ = {isa = PBXBuildFile; fileRef = 647A7CB623D83377005D1946 /* LaunchScreen.storyboard */; };
		647A7CC023D833D4005D1946 /* GoogleService-Info.plist in Resources */ = {isa = PBXBuildFile; fileRef = 647A7CBF23D833D4005D1946 /* GoogleService-Info.plist */; };
		647A7CC223D83718005D1946 /* ArticleViewController.swift in Sources */ = {isa = PBXBuildFile; fileRef = 647A7CC123D83718005D1946 /* ArticleViewController.swift */; };
		647A7CC423D83B7F005D1946 /* Profile.storyboard in Resources */ = {isa = PBXBuildFile; fileRef = 647A7CC323D83B7F005D1946 /* Profile.storyboard */; };
		647A7CC623D83B92005D1946 /* Chat.storyboard in Resources */ = {isa = PBXBuildFile; fileRef = 647A7CC523D83B92005D1946 /* Chat.storyboard */; };
		647A7CC823D83BA0005D1946 /* Craftsmen.storyboard in Resources */ = {isa = PBXBuildFile; fileRef = 647A7CC723D83BA0005D1946 /* Craftsmen.storyboard */; };
		647A7CCA23D83BB0005D1946 /* Article.storyboard in Resources */ = {isa = PBXBuildFile; fileRef = 647A7CC923D83BB0005D1946 /* Article.storyboard */; };
		647A7CCC23D83BCE005D1946 /* UIStoryboard+Extension.swift in Sources */ = {isa = PBXBuildFile; fileRef = 647A7CCB23D83BCE005D1946 /* UIStoryboard+Extension.swift */; };
		647A7CCE23D83C61005D1946 /* UIImage+Extension.swift in Sources */ = {isa = PBXBuildFile; fileRef = 647A7CCD23D83C61005D1946 /* UIImage+Extension.swift */; };
		647A7CD123D83DCA005D1946 /* Auth.storyboard in Resources */ = {isa = PBXBuildFile; fileRef = 647A7CD023D83DCA005D1946 /* Auth.storyboard */; };
		647A7CD323D83E33005D1946 /* AuthViewController.swift in Sources */ = {isa = PBXBuildFile; fileRef = 647A7CD223D83E33005D1946 /* AuthViewController.swift */; };
		647A7CD523D83E49005D1946 /* CraftsmenViewController.swift in Sources */ = {isa = PBXBuildFile; fileRef = 647A7CD423D83E49005D1946 /* CraftsmenViewController.swift */; };
		647A7CD723D83E55005D1946 /* ChatViewController.swift in Sources */ = {isa = PBXBuildFile; fileRef = 647A7CD623D83E55005D1946 /* ChatViewController.swift */; };
		647A7CD923D83E5E005D1946 /* ProfileViewController.swift in Sources */ = {isa = PBXBuildFile; fileRef = 647A7CD823D83E5E005D1946 /* ProfileViewController.swift */; };
		64F9D89823F9239D00F28186 /* PhotosViewController.swift in Sources */ = {isa = PBXBuildFile; fileRef = 64F9D89723F9239D00F28186 /* PhotosViewController.swift */; };
		64F9D89B23F9379400F28186 /* PhotosCollectionViewCell.swift in Sources */ = {isa = PBXBuildFile; fileRef = 64F9D89923F9379400F28186 /* PhotosCollectionViewCell.swift */; };
		64F9D89C23F9379400F28186 /* PhotosCollectionViewCell.xib in Resources */ = {isa = PBXBuildFile; fileRef = 64F9D89A23F9379400F28186 /* PhotosCollectionViewCell.xib */; };
		64FA429523DD3BD60065DCEF /* STBaseViewController.swift in Sources */ = {isa = PBXBuildFile; fileRef = 64FA429423DD3BD60065DCEF /* STBaseViewController.swift */; };
		64FA429A23E341440065DCEF /* ArticleTableViewCell.swift in Sources */ = {isa = PBXBuildFile; fileRef = 64FA429823E341440065DCEF /* ArticleTableViewCell.swift */; };
		64FA429B23E341440065DCEF /* ArticleTableViewCell.xib in Resources */ = {isa = PBXBuildFile; fileRef = 64FA429923E341440065DCEF /* ArticleTableViewCell.xib */; };
		64FA429D23E347060065DCEF /* KingFisherWrapper.swift in Sources */ = {isa = PBXBuildFile; fileRef = 64FA429C23E347060065DCEF /* KingFisherWrapper.swift */; };
		64FA42A223E35F2D0065DCEF /* NewPostViewController.swift in Sources */ = {isa = PBXBuildFile; fileRef = 64FA42A123E35F2D0065DCEF /* NewPostViewController.swift */; };
		64FA42A623E382DF0065DCEF /* NewPostTableViewCell.swift in Sources */ = {isa = PBXBuildFile; fileRef = 64FA42A423E382DF0065DCEF /* NewPostTableViewCell.swift */; };
		64FA42A723E382DF0065DCEF /* NewPostTableViewCell.xib in Resources */ = {isa = PBXBuildFile; fileRef = 64FA42A523E382DF0065DCEF /* NewPostTableViewCell.xib */; };
		64FA42AA23E393280065DCEF /* CraftsmenCollectionViewCell.swift in Sources */ = {isa = PBXBuildFile; fileRef = 64FA42A823E393280065DCEF /* CraftsmenCollectionViewCell.swift */; };
		64FA42AB23E393280065DCEF /* CraftsmenCollectionViewCell.xib in Resources */ = {isa = PBXBuildFile; fileRef = 64FA42A923E393280065DCEF /* CraftsmenCollectionViewCell.xib */; };
		64FA42AE23E3A7990065DCEF /* UICollectionView+Extension.swift in Sources */ = {isa = PBXBuildFile; fileRef = 64FA42AD23E3A7990065DCEF /* UICollectionView+Extension.swift */; };
		64FA42B023E3A7C80065DCEF /* UITableView+Extension.swift in Sources */ = {isa = PBXBuildFile; fileRef = 64FA42AF23E3A7C80065DCEF /* UITableView+Extension.swift */; };
		64FA42B323E3C5CD0065DCEF /* ResumeViewController.swift in Sources */ = {isa = PBXBuildFile; fileRef = 64FA42B223E3C5CD0065DCEF /* ResumeViewController.swift */; };
		64FA42B623E7B3800065DCEF /* ResumeCollectionViewCell.swift in Sources */ = {isa = PBXBuildFile; fileRef = 64FA42B423E7B3800065DCEF /* ResumeCollectionViewCell.swift */; };
		64FA42B723E7B3800065DCEF /* ResumeCollectionViewCell.xib in Resources */ = {isa = PBXBuildFile; fileRef = 64FA42B523E7B3800065DCEF /* ResumeCollectionViewCell.xib */; };
		64FA42B923E7B74E0065DCEF /* ProfolioViewController.swift in Sources */ = {isa = PBXBuildFile; fileRef = 64FA42B823E7B74E0065DCEF /* ProfolioViewController.swift */; };
		64FA58C623FE852A003D7353 /* FilterTableViewCell.swift in Sources */ = {isa = PBXBuildFile; fileRef = 64FA58C423FE852A003D7353 /* FilterTableViewCell.swift */; };
		64FA58C723FE852A003D7353 /* FilterTableViewCell.xib in Resources */ = {isa = PBXBuildFile; fileRef = 64FA58C523FE852A003D7353 /* FilterTableViewCell.xib */; };
		64FA58CA23FE86E5003D7353 /* FilterCollectionTableViewCell.swift in Sources */ = {isa = PBXBuildFile; fileRef = 64FA58C823FE86E5003D7353 /* FilterCollectionTableViewCell.swift */; };
		64FA58CB23FE86E5003D7353 /* FilterCollectionTableViewCell.xib in Resources */ = {isa = PBXBuildFile; fileRef = 64FA58C923FE86E5003D7353 /* FilterCollectionTableViewCell.xib */; };
		64FA58CD23FE8C48003D7353 /* FilterTableViewHeaderView.swift in Sources */ = {isa = PBXBuildFile; fileRef = 64FA58CC23FE8C48003D7353 /* FilterTableViewHeaderView.swift */; };
		64FA58CF23FE8C5E003D7353 /* FilterTableViewHeaderView.xib in Resources */ = {isa = PBXBuildFile; fileRef = 64FA58CE23FE8C5E003D7353 /* FilterTableViewHeaderView.xib */; };
		64FA58D223FE91F0003D7353 /* FilterCollectionViewCell.swift in Sources */ = {isa = PBXBuildFile; fileRef = 64FA58D023FE91F0003D7353 /* FilterCollectionViewCell.swift */; };
		64FA58D323FE91F0003D7353 /* FilterCollectionViewCell.xib in Resources */ = {isa = PBXBuildFile; fileRef = 64FA58D123FE91F0003D7353 /* FilterCollectionViewCell.xib */; };
		64FA7CBD23F1483D00975B03 /* ReadPostTableViewCell.swift in Sources */ = {isa = PBXBuildFile; fileRef = 64FA7CBB23F1483D00975B03 /* ReadPostTableViewCell.swift */; };
		64FA7CBE23F1483D00975B03 /* ReadPostTableViewCell.xib in Resources */ = {isa = PBXBuildFile; fileRef = 64FA7CBC23F1483D00975B03 /* ReadPostTableViewCell.xib */; };
		64FA7CC023F148D800975B03 /* ReadPostTableViewHeaderView.xib in Resources */ = {isa = PBXBuildFile; fileRef = 64FA7CBF23F148D800975B03 /* ReadPostTableViewHeaderView.xib */; };
		64FA7CC223F2365800975B03 /* ReadPostTableViewFooterView.xib in Resources */ = {isa = PBXBuildFile; fileRef = 64FA7CC123F2365800975B03 /* ReadPostTableViewFooterView.xib */; };
		64FA7CC423F2366A00975B03 /* ReadPostTableViewFooterView.swift in Sources */ = {isa = PBXBuildFile; fileRef = 64FA7CC323F2366A00975B03 /* ReadPostTableViewFooterView.swift */; };
		64FA7CC823F550C600975B03 /* CharacterPickViewController.swift in Sources */ = {isa = PBXBuildFile; fileRef = 64FA7CC723F550C600975B03 /* CharacterPickViewController.swift */; };
		64FA7CCA23F5511B00975B03 /* PickCraftsmenViewController.swift in Sources */ = {isa = PBXBuildFile; fileRef = 64FA7CC923F5511B00975B03 /* PickCraftsmenViewController.swift */; };
		64FA8E3E23FF90FE000A1334 /* FilterViewController.swift in Sources */ = {isa = PBXBuildFile; fileRef = 64FA8E3D23FF90FE000A1334 /* FilterViewController.swift */; };
		64FA8E4123FFC272000A1334 /* FilterPickerTableViewCell.swift in Sources */ = {isa = PBXBuildFile; fileRef = 64FA8E3F23FFC272000A1334 /* FilterPickerTableViewCell.swift */; };
		64FA8E4223FFC272000A1334 /* FilterPickerTableViewCell.xib in Resources */ = {isa = PBXBuildFile; fileRef = 64FA8E4023FFC272000A1334 /* FilterPickerTableViewCell.xib */; };
		64FA8E442400F479000A1334 /* FilterModel.swift in Sources */ = {isa = PBXBuildFile; fileRef = 64FA8E432400F479000A1334 /* FilterModel.swift */; };
		64FA8E46240256CA000A1334 /* CraftsmenFilterViewController.swift in Sources */ = {isa = PBXBuildFile; fileRef = 64FA8E45240256CA000A1334 /* CraftsmenFilterViewController.swift */; };
		64FA8E4824025B3D000A1334 /* CraftsmenFilterCondition.swift in Sources */ = {isa = PBXBuildFile; fileRef = 64FA8E4724025B3D000A1334 /* CraftsmenFilterCondition.swift */; };
		64FA8E4E2402660B000A1334 /* CraftsmenFilterCollectionReusableView.swift in Sources */ = {isa = PBXBuildFile; fileRef = 64FA8E4D2402660B000A1334 /* CraftsmenFilterCollectionReusableView.swift */; };
		64FAB11F23EC001A0073235C /* UserManager.swift in Sources */ = {isa = PBXBuildFile; fileRef = 64FAB11E23EC001A0073235C /* UserManager.swift */; };
		64FAB12323ED36130073235C /* JGProgressWrapper.swift in Sources */ = {isa = PBXBuildFile; fileRef = 64FAB12223ED36130073235C /* JGProgressWrapper.swift */; };
		64FAB12523ED49F70073235C /* ArticleManager.swift in Sources */ = {isa = PBXBuildFile; fileRef = 64FAB12423ED49F70073235C /* ArticleManager.swift */; };
		64FAB12723ED548A0073235C /* DecorateStyleViewController.swift in Sources */ = {isa = PBXBuildFile; fileRef = 64FAB12623ED548A0073235C /* DecorateStyleViewController.swift */; };
		64FAB12E23ED57900073235C /* DecorateStyleCollectionViewCell.swift in Sources */ = {isa = PBXBuildFile; fileRef = 64FAB12C23ED57900073235C /* DecorateStyleCollectionViewCell.swift */; };
		64FAB12F23ED57900073235C /* DecorateStyleCollectionViewCell.xib in Resources */ = {isa = PBXBuildFile; fileRef = 64FAB12D23ED57900073235C /* DecorateStyleCollectionViewCell.xib */; };
		64FAB13123ED640A0073235C /* UIColor+Extension.swift in Sources */ = {isa = PBXBuildFile; fileRef = 64FAB13023ED640A0073235C /* UIColor+Extension.swift */; };
		64FAB13323EE4E5B0073235C /* DecorateStyleCollectionReusableView.swift in Sources */ = {isa = PBXBuildFile; fileRef = 64FAB13223EE4E5B0073235C /* DecorateStyleCollectionReusableView.swift */; };
		64FAB13523EE528E0073235C /* LocationViewController.swift in Sources */ = {isa = PBXBuildFile; fileRef = 64FAB13423EE528E0073235C /* LocationViewController.swift */; };
		64FAB13723EEAA160073235C /* SizeViewController.swift in Sources */ = {isa = PBXBuildFile; fileRef = 64FAB13623EEAA160073235C /* SizeViewController.swift */; };
		64FAB13923EEB6E00073235C /* CollaboratorViewController.swift in Sources */ = {isa = PBXBuildFile; fileRef = 64FAB13823EEB6E00073235C /* CollaboratorViewController.swift */; };
		64FAB14323EEB8C30073235C /* CollaboratorCollectionViewCell.swift in Sources */ = {isa = PBXBuildFile; fileRef = 64FAB14123EEB8C30073235C /* CollaboratorCollectionViewCell.swift */; };
		64FAB14423EEB8C30073235C /* CollaboratorCollectionViewCell.xib in Resources */ = {isa = PBXBuildFile; fileRef = 64FAB14223EEB8C30073235C /* CollaboratorCollectionViewCell.xib */; };
		64FAB14723EEB9FD0073235C /* CollaboratorTableViewCell.swift in Sources */ = {isa = PBXBuildFile; fileRef = 64FAB14523EEB9FD0073235C /* CollaboratorTableViewCell.swift */; };
		64FAB14823EEB9FD0073235C /* CollaboratorTableViewCell.xib in Resources */ = {isa = PBXBuildFile; fileRef = 64FAB14623EEB9FD0073235C /* CollaboratorTableViewCell.xib */; };
		64FAB14B23EFF0CD0073235C /* CollaboratorLogoCollectionViewCell.swift in Sources */ = {isa = PBXBuildFile; fileRef = 64FAB14923EFF0CD0073235C /* CollaboratorLogoCollectionViewCell.swift */; };
		64FAB14C23EFF0CD0073235C /* CollaboratorLogoCollectionViewCell.xib in Resources */ = {isa = PBXBuildFile; fileRef = 64FAB14A23EFF0CD0073235C /* CollaboratorLogoCollectionViewCell.xib */; };
		64FC72D423FBF0D2004F2A07 /* CircularTransition.swift in Sources */ = {isa = PBXBuildFile; fileRef = 64FC72D323FBF0D2004F2A07 /* CircularTransition.swift */; };
		64FC72E423FD26EC004F2A07 /* ProfolioTestViewController.swift in Sources */ = {isa = PBXBuildFile; fileRef = 64FC72E323FD26EC004F2A07 /* ProfolioTestViewController.swift */; };
		64FC72E623FD26FD004F2A07 /* PhotoPageContainerViewController.swift in Sources */ = {isa = PBXBuildFile; fileRef = 64FC72E523FD26FD004F2A07 /* PhotoPageContainerViewController.swift */; };
		64FC72E823FD270B004F2A07 /* PhotoZoomViewController.swift in Sources */ = {isa = PBXBuildFile; fileRef = 64FC72E723FD270B004F2A07 /* PhotoZoomViewController.swift */; };
		64FC72EA23FD2962004F2A07 /* ZoomAnimator.swift in Sources */ = {isa = PBXBuildFile; fileRef = 64FC72E923FD2962004F2A07 /* ZoomAnimator.swift */; };
		64FC72EC23FD296B004F2A07 /* ZoomDismissalInteractionController.swift in Sources */ = {isa = PBXBuildFile; fileRef = 64FC72EB23FD296B004F2A07 /* ZoomDismissalInteractionController.swift */; };
		64FC72EE23FD2975004F2A07 /* ZoomTransitionController.swift in Sources */ = {isa = PBXBuildFile; fileRef = 64FC72ED23FD2975004F2A07 /* ZoomTransitionController.swift */; };
		64FC72F023FD2C12004F2A07 /* ProfolioCollectionReusableView.swift in Sources */ = {isa = PBXBuildFile; fileRef = 64FC72EF23FD2C12004F2A07 /* ProfolioCollectionReusableView.swift */; };
		64FC72F323FD3BD6004F2A07 /* ArticleListTableViewCell.swift in Sources */ = {isa = PBXBuildFile; fileRef = 64FC72F123FD3BD6004F2A07 /* ArticleListTableViewCell.swift */; };
		64FC72F423FD3BD6004F2A07 /* ArticleListTableViewCell.xib in Resources */ = {isa = PBXBuildFile; fileRef = 64FC72F223FD3BD6004F2A07 /* ArticleListTableViewCell.xib */; };
		64FC818923E7BF3F0027DDEE /* ProfolioCollectionViewCell.swift in Sources */ = {isa = PBXBuildFile; fileRef = 64FC818723E7BF3F0027DDEE /* ProfolioCollectionViewCell.swift */; };
		64FC818A23E7BF3F0027DDEE /* ProfolioCollectionViewCell.xib in Resources */ = {isa = PBXBuildFile; fileRef = 64FC818823E7BF3F0027DDEE /* ProfolioCollectionViewCell.xib */; };
		64FC818D23E7C26E0027DDEE /* ProfolioTableViewCell.swift in Sources */ = {isa = PBXBuildFile; fileRef = 64FC818B23E7C26E0027DDEE /* ProfolioTableViewCell.swift */; };
		64FC818E23E7C26E0027DDEE /* ProfolioTableViewCell.xib in Resources */ = {isa = PBXBuildFile; fileRef = 64FC818C23E7C26E0027DDEE /* ProfolioTableViewCell.xib */; };
		64FC819323E7E4D70027DDEE /* ChatListTableViewCell.swift in Sources */ = {isa = PBXBuildFile; fileRef = 64FC819123E7E4D70027DDEE /* ChatListTableViewCell.swift */; };
		64FC819423E7E4D70027DDEE /* ChatListTableViewCell.xib in Resources */ = {isa = PBXBuildFile; fileRef = 64FC819223E7E4D70027DDEE /* ChatListTableViewCell.xib */; };
		64FC819623E7E9D70027DDEE /* ChatRoomViewController.swift in Sources */ = {isa = PBXBuildFile; fileRef = 64FC819523E7E9D70027DDEE /* ChatRoomViewController.swift */; };
		64FC819923E7EE2D0027DDEE /* ChatRoomTableViewCell.swift in Sources */ = {isa = PBXBuildFile; fileRef = 64FC819723E7EE2D0027DDEE /* ChatRoomTableViewCell.swift */; };
		64FC819A23E7EE2D0027DDEE /* ChatRoomTableViewCell.xib in Resources */ = {isa = PBXBuildFile; fileRef = 64FC819823E7EE2D0027DDEE /* ChatRoomTableViewCell.xib */; };
		64FC819E23E7FC190027DDEE /* ChatRoomBottomView.xib in Resources */ = {isa = PBXBuildFile; fileRef = 64FC819D23E7FC190027DDEE /* ChatRoomBottomView.xib */; };
		64FC81A023E7FC9A0027DDEE /* ChatRoomBottomView.swift in Sources */ = {isa = PBXBuildFile; fileRef = 64FC819F23E7FC9A0027DDEE /* ChatRoomBottomView.swift */; };
		64FE4EC023E8091800A5D3EC /* ChatRoomSelfTableViewCell.swift in Sources */ = {isa = PBXBuildFile; fileRef = 64FE4EBE23E8091800A5D3EC /* ChatRoomSelfTableViewCell.swift */; };
		64FE4EC123E8091800A5D3EC /* ChatRoomSelfTableViewCell.xib in Resources */ = {isa = PBXBuildFile; fileRef = 64FE4EBF23E8091800A5D3EC /* ChatRoomSelfTableViewCell.xib */; };
		64FE4EC423E824CD00A5D3EC /* PickCustomerViewController.swift in Sources */ = {isa = PBXBuildFile; fileRef = 64FE4EC323E824CD00A5D3EC /* PickCustomerViewController.swift */; };
		64FE4EC623E824D900A5D3EC /* LogInViewController.swift in Sources */ = {isa = PBXBuildFile; fileRef = 64FE4EC523E824D900A5D3EC /* LogInViewController.swift */; };
		64FE4EC823E83E9400A5D3EC /* UITextField+Extension.swift in Sources */ = {isa = PBXBuildFile; fileRef = 64FE4EC723E83E9400A5D3EC /* UITextField+Extension.swift */; };
		64FE4ECB23E918EA00A5D3EC /* ProfileTableViewCell.swift in Sources */ = {isa = PBXBuildFile; fileRef = 64FE4EC923E918EA00A5D3EC /* ProfileTableViewCell.swift */; };
		64FE4ECC23E918EA00A5D3EC /* ProfileTableViewCell.xib in Resources */ = {isa = PBXBuildFile; fileRef = 64FE4ECA23E918EA00A5D3EC /* ProfileTableViewCell.xib */; };
		64FE4ED023E95CB200A5D3EC /* RoundCorner+Shadow.swift in Sources */ = {isa = PBXBuildFile; fileRef = 64FE4ECF23E95CB200A5D3EC /* RoundCorner+Shadow.swift */; };
		64FE4ED223E9838B00A5D3EC /* InfoViewController.swift in Sources */ = {isa = PBXBuildFile; fileRef = 64FE4ED123E9838B00A5D3EC /* InfoViewController.swift */; };
		64FE4ED423E983B200A5D3EC /* FavoriteViewController.swift in Sources */ = {isa = PBXBuildFile; fileRef = 64FE4ED323E983B200A5D3EC /* FavoriteViewController.swift */; };
		64FE4ED623E983D500A5D3EC /* YourPostViewController.swift in Sources */ = {isa = PBXBuildFile; fileRef = 64FE4ED523E983D500A5D3EC /* YourPostViewController.swift */; };
		64FE4ED923E9875E00A5D3EC /* InfoTableViewCell.swift in Sources */ = {isa = PBXBuildFile; fileRef = 64FE4ED723E9875E00A5D3EC /* InfoTableViewCell.swift */; };
		64FE4EDA23E9875E00A5D3EC /* InfoTableViewCell.xib in Resources */ = {isa = PBXBuildFile; fileRef = 64FE4ED823E9875E00A5D3EC /* InfoTableViewCell.xib */; };
		64FE4EDD23EA4A5900A5D3EC /* FavoriteTableViewCell.swift in Sources */ = {isa = PBXBuildFile; fileRef = 64FE4EDB23EA4A5900A5D3EC /* FavoriteTableViewCell.swift */; };
		64FE4EDE23EA4A5900A5D3EC /* FavoriteTableViewCell.xib in Resources */ = {isa = PBXBuildFile; fileRef = 64FE4EDC23EA4A5900A5D3EC /* FavoriteTableViewCell.xib */; };
		64FE4EE123EA55CB00A5D3EC /* YourPostTableViewCell.swift in Sources */ = {isa = PBXBuildFile; fileRef = 64FE4EDF23EA55CB00A5D3EC /* YourPostTableViewCell.swift */; };
		64FE4EE223EA55CB00A5D3EC /* YourPostTableViewCell.xib in Resources */ = {isa = PBXBuildFile; fileRef = 64FE4EE023EA55CB00A5D3EC /* YourPostTableViewCell.xib */; };
		64FE4EE523EA643300A5D3EC /* YourPostCollectionViewCell.swift in Sources */ = {isa = PBXBuildFile; fileRef = 64FE4EE323EA643300A5D3EC /* YourPostCollectionViewCell.swift */; };
		64FE4EE623EA643300A5D3EC /* YourPostCollectionViewCell.xib in Resources */ = {isa = PBXBuildFile; fileRef = 64FE4EE423EA643300A5D3EC /* YourPostCollectionViewCell.xib */; };
		64FE4EEA23EA72B900A5D3EC /* CraftsmenResumeViewController.swift in Sources */ = {isa = PBXBuildFile; fileRef = 64FE4EE923EA72B900A5D3EC /* CraftsmenResumeViewController.swift */; };
/* End PBXBuildFile section */

/* Begin PBXFileReference section */
		16811DD988D5917B85CF4132 /* Pods-DecorYou.release.xcconfig */ = {isa = PBXFileReference; includeInIndex = 1; lastKnownFileType = text.xcconfig; name = "Pods-DecorYou.release.xcconfig"; path = "Target Support Files/Pods-DecorYou/Pods-DecorYou.release.xcconfig"; sourceTree = "<group>"; };
		1F3011E028BC5AE10C835F5E /* Pods-DecorYou.debug.xcconfig */ = {isa = PBXFileReference; includeInIndex = 1; lastKnownFileType = text.xcconfig; name = "Pods-DecorYou.debug.xcconfig"; path = "Target Support Files/Pods-DecorYou/Pods-DecorYou.debug.xcconfig"; sourceTree = "<group>"; };
		2DCBAF85DD003295D6685158 /* Pods_DecorYou.framework */ = {isa = PBXFileReference; explicitFileType = wrapper.framework; includeInIndex = 0; path = Pods_DecorYou.framework; sourceTree = BUILT_PRODUCTS_DIR; };
		64012B9723F67009001D20D0 /* ServiceAreaViewController.swift */ = {isa = PBXFileReference; lastKnownFileType = sourcecode.swift; path = ServiceAreaViewController.swift; sourceTree = "<group>"; };
		64012B9923F67043001D20D0 /* ServiceAreaCollectionViewCell.swift */ = {isa = PBXFileReference; lastKnownFileType = sourcecode.swift; path = ServiceAreaCollectionViewCell.swift; sourceTree = "<group>"; };
		64012B9A23F67043001D20D0 /* ServiceAreaCollectionViewCell.xib */ = {isa = PBXFileReference; lastKnownFileType = file.xib; path = ServiceAreaCollectionViewCell.xib; sourceTree = "<group>"; };
		64012B9F23F7F7ED001D20D0 /* UploadProfolioViewController.swift */ = {isa = PBXFileReference; lastKnownFileType = sourcecode.swift; path = UploadProfolioViewController.swift; sourceTree = "<group>"; };
		64012BA123F7FA81001D20D0 /* UploadProfolioTableViewCell.swift */ = {isa = PBXFileReference; lastKnownFileType = sourcecode.swift; path = UploadProfolioTableViewCell.swift; sourceTree = "<group>"; };
		64012BA223F7FA81001D20D0 /* UploadProfolioTableViewCell.xib */ = {isa = PBXFileReference; lastKnownFileType = file.xib; path = UploadProfolioTableViewCell.xib; sourceTree = "<group>"; };
		6406275823EA91EC00086434 /* ArticleAnimationTransition.swift */ = {isa = PBXFileReference; lastKnownFileType = sourcecode.swift; path = ArticleAnimationTransition.swift; sourceTree = "<group>"; };
		6406275B23EA936700086434 /* ReadPostViewController.swift */ = {isa = PBXFileReference; lastKnownFileType = sourcecode.swift; path = ReadPostViewController.swift; sourceTree = "<group>"; };
		6406275D23EA942900086434 /* ReadPostTableViewHeaderView.swift */ = {isa = PBXFileReference; lastKnownFileType = sourcecode.swift; path = ReadPostTableViewHeaderView.swift; sourceTree = "<group>"; };
		6406276123EAA10100086434 /* ReadPostBottomView.swift */ = {isa = PBXFileReference; lastKnownFileType = sourcecode.swift; path = ReadPostBottomView.swift; sourceTree = "<group>"; };
		6406276323EAA21D00086434 /* ReadPostBottomView.xib */ = {isa = PBXFileReference; lastKnownFileType = file.xib; path = ReadPostBottomView.xib; sourceTree = "<group>"; };
		6406276523EAAD1200086434 /* MoreViewController.swift */ = {isa = PBXFileReference; lastKnownFileType = sourcecode.swift; path = MoreViewController.swift; sourceTree = "<group>"; };
		6406276723EAB4B200086434 /* ReplyViewController.swift */ = {isa = PBXFileReference; lastKnownFileType = sourcecode.swift; path = ReplyViewController.swift; sourceTree = "<group>"; };
		647A7CA823D83376005D1946 /* DecorYou.app */ = {isa = PBXFileReference; explicitFileType = wrapper.application; includeInIndex = 0; path = DecorYou.app; sourceTree = BUILT_PRODUCTS_DIR; };
		647A7CAB23D83376005D1946 /* AppDelegate.swift */ = {isa = PBXFileReference; lastKnownFileType = sourcecode.swift; path = AppDelegate.swift; sourceTree = "<group>"; };
		647A7CAF23D83376005D1946 /* STTabBarViewController.swift */ = {isa = PBXFileReference; lastKnownFileType = sourcecode.swift; path = STTabBarViewController.swift; sourceTree = "<group>"; };
		647A7CB223D83376005D1946 /* Base */ = {isa = PBXFileReference; lastKnownFileType = file.storyboard; name = Base; path = Base.lproj/Main.storyboard; sourceTree = "<group>"; };
		647A7CB423D83377005D1946 /* Assets.xcassets */ = {isa = PBXFileReference; lastKnownFileType = folder.assetcatalog; path = Assets.xcassets; sourceTree = "<group>"; };
		647A7CB723D83377005D1946 /* Base */ = {isa = PBXFileReference; lastKnownFileType = file.storyboard; name = Base; path = Base.lproj/LaunchScreen.storyboard; sourceTree = "<group>"; };
		647A7CB923D83377005D1946 /* Info.plist */ = {isa = PBXFileReference; lastKnownFileType = text.plist.xml; path = Info.plist; sourceTree = "<group>"; };
		647A7CBF23D833D4005D1946 /* GoogleService-Info.plist */ = {isa = PBXFileReference; fileEncoding = 4; lastKnownFileType = text.plist.xml; path = "GoogleService-Info.plist"; sourceTree = "<group>"; };
		647A7CC123D83718005D1946 /* ArticleViewController.swift */ = {isa = PBXFileReference; lastKnownFileType = sourcecode.swift; path = ArticleViewController.swift; sourceTree = "<group>"; };
		647A7CC323D83B7F005D1946 /* Profile.storyboard */ = {isa = PBXFileReference; lastKnownFileType = file.storyboard; path = Profile.storyboard; sourceTree = "<group>"; };
		647A7CC523D83B92005D1946 /* Chat.storyboard */ = {isa = PBXFileReference; lastKnownFileType = file.storyboard; path = Chat.storyboard; sourceTree = "<group>"; };
		647A7CC723D83BA0005D1946 /* Craftsmen.storyboard */ = {isa = PBXFileReference; lastKnownFileType = file.storyboard; path = Craftsmen.storyboard; sourceTree = "<group>"; };
		647A7CC923D83BB0005D1946 /* Article.storyboard */ = {isa = PBXFileReference; lastKnownFileType = file.storyboard; path = Article.storyboard; sourceTree = "<group>"; };
		647A7CCB23D83BCE005D1946 /* UIStoryboard+Extension.swift */ = {isa = PBXFileReference; lastKnownFileType = sourcecode.swift; path = "UIStoryboard+Extension.swift"; sourceTree = "<group>"; };
		647A7CCD23D83C61005D1946 /* UIImage+Extension.swift */ = {isa = PBXFileReference; lastKnownFileType = sourcecode.swift; path = "UIImage+Extension.swift"; sourceTree = "<group>"; };
		647A7CD023D83DCA005D1946 /* Auth.storyboard */ = {isa = PBXFileReference; lastKnownFileType = file.storyboard; path = Auth.storyboard; sourceTree = "<group>"; };
		647A7CD223D83E33005D1946 /* AuthViewController.swift */ = {isa = PBXFileReference; lastKnownFileType = sourcecode.swift; path = AuthViewController.swift; sourceTree = "<group>"; };
		647A7CD423D83E49005D1946 /* CraftsmenViewController.swift */ = {isa = PBXFileReference; lastKnownFileType = sourcecode.swift; path = CraftsmenViewController.swift; sourceTree = "<group>"; };
		647A7CD623D83E55005D1946 /* ChatViewController.swift */ = {isa = PBXFileReference; lastKnownFileType = sourcecode.swift; path = ChatViewController.swift; sourceTree = "<group>"; };
		647A7CD823D83E5E005D1946 /* ProfileViewController.swift */ = {isa = PBXFileReference; lastKnownFileType = sourcecode.swift; path = ProfileViewController.swift; sourceTree = "<group>"; };
		64F9D89723F9239D00F28186 /* PhotosViewController.swift */ = {isa = PBXFileReference; lastKnownFileType = sourcecode.swift; path = PhotosViewController.swift; sourceTree = "<group>"; };
		64F9D89923F9379400F28186 /* PhotosCollectionViewCell.swift */ = {isa = PBXFileReference; lastKnownFileType = sourcecode.swift; path = PhotosCollectionViewCell.swift; sourceTree = "<group>"; };
		64F9D89A23F9379400F28186 /* PhotosCollectionViewCell.xib */ = {isa = PBXFileReference; lastKnownFileType = file.xib; path = PhotosCollectionViewCell.xib; sourceTree = "<group>"; };
		64FA429423DD3BD60065DCEF /* STBaseViewController.swift */ = {isa = PBXFileReference; lastKnownFileType = sourcecode.swift; path = STBaseViewController.swift; sourceTree = "<group>"; };
		64FA429823E341440065DCEF /* ArticleTableViewCell.swift */ = {isa = PBXFileReference; lastKnownFileType = sourcecode.swift; path = ArticleTableViewCell.swift; sourceTree = "<group>"; };
		64FA429923E341440065DCEF /* ArticleTableViewCell.xib */ = {isa = PBXFileReference; lastKnownFileType = file.xib; path = ArticleTableViewCell.xib; sourceTree = "<group>"; };
		64FA429C23E347060065DCEF /* KingFisherWrapper.swift */ = {isa = PBXFileReference; lastKnownFileType = sourcecode.swift; path = KingFisherWrapper.swift; sourceTree = "<group>"; };
		64FA42A123E35F2D0065DCEF /* NewPostViewController.swift */ = {isa = PBXFileReference; lastKnownFileType = sourcecode.swift; path = NewPostViewController.swift; sourceTree = "<group>"; };
		64FA42A423E382DF0065DCEF /* NewPostTableViewCell.swift */ = {isa = PBXFileReference; lastKnownFileType = sourcecode.swift; path = NewPostTableViewCell.swift; sourceTree = "<group>"; };
		64FA42A523E382DF0065DCEF /* NewPostTableViewCell.xib */ = {isa = PBXFileReference; lastKnownFileType = file.xib; path = NewPostTableViewCell.xib; sourceTree = "<group>"; };
		64FA42A823E393280065DCEF /* CraftsmenCollectionViewCell.swift */ = {isa = PBXFileReference; lastKnownFileType = sourcecode.swift; path = CraftsmenCollectionViewCell.swift; sourceTree = "<group>"; };
		64FA42A923E393280065DCEF /* CraftsmenCollectionViewCell.xib */ = {isa = PBXFileReference; lastKnownFileType = file.xib; path = CraftsmenCollectionViewCell.xib; sourceTree = "<group>"; };
		64FA42AD23E3A7990065DCEF /* UICollectionView+Extension.swift */ = {isa = PBXFileReference; lastKnownFileType = sourcecode.swift; path = "UICollectionView+Extension.swift"; sourceTree = "<group>"; };
		64FA42AF23E3A7C80065DCEF /* UITableView+Extension.swift */ = {isa = PBXFileReference; lastKnownFileType = sourcecode.swift; path = "UITableView+Extension.swift"; sourceTree = "<group>"; };
		64FA42B223E3C5CD0065DCEF /* ResumeViewController.swift */ = {isa = PBXFileReference; lastKnownFileType = sourcecode.swift; path = ResumeViewController.swift; sourceTree = "<group>"; };
		64FA42B423E7B3800065DCEF /* ResumeCollectionViewCell.swift */ = {isa = PBXFileReference; lastKnownFileType = sourcecode.swift; path = ResumeCollectionViewCell.swift; sourceTree = "<group>"; };
		64FA42B523E7B3800065DCEF /* ResumeCollectionViewCell.xib */ = {isa = PBXFileReference; lastKnownFileType = file.xib; path = ResumeCollectionViewCell.xib; sourceTree = "<group>"; };
		64FA42B823E7B74E0065DCEF /* ProfolioViewController.swift */ = {isa = PBXFileReference; lastKnownFileType = sourcecode.swift; path = ProfolioViewController.swift; sourceTree = "<group>"; };
		64FA58C423FE852A003D7353 /* FilterTableViewCell.swift */ = {isa = PBXFileReference; lastKnownFileType = sourcecode.swift; path = FilterTableViewCell.swift; sourceTree = "<group>"; };
		64FA58C523FE852A003D7353 /* FilterTableViewCell.xib */ = {isa = PBXFileReference; lastKnownFileType = file.xib; path = FilterTableViewCell.xib; sourceTree = "<group>"; };
		64FA58C823FE86E5003D7353 /* FilterCollectionTableViewCell.swift */ = {isa = PBXFileReference; lastKnownFileType = sourcecode.swift; path = FilterCollectionTableViewCell.swift; sourceTree = "<group>"; };
		64FA58C923FE86E5003D7353 /* FilterCollectionTableViewCell.xib */ = {isa = PBXFileReference; lastKnownFileType = file.xib; path = FilterCollectionTableViewCell.xib; sourceTree = "<group>"; };
		64FA58CC23FE8C48003D7353 /* FilterTableViewHeaderView.swift */ = {isa = PBXFileReference; lastKnownFileType = sourcecode.swift; path = FilterTableViewHeaderView.swift; sourceTree = "<group>"; };
		64FA58CE23FE8C5E003D7353 /* FilterTableViewHeaderView.xib */ = {isa = PBXFileReference; lastKnownFileType = file.xib; path = FilterTableViewHeaderView.xib; sourceTree = "<group>"; };
		64FA58D023FE91F0003D7353 /* FilterCollectionViewCell.swift */ = {isa = PBXFileReference; lastKnownFileType = sourcecode.swift; path = FilterCollectionViewCell.swift; sourceTree = "<group>"; };
		64FA58D123FE91F0003D7353 /* FilterCollectionViewCell.xib */ = {isa = PBXFileReference; lastKnownFileType = file.xib; path = FilterCollectionViewCell.xib; sourceTree = "<group>"; };
		64FA7CBB23F1483D00975B03 /* ReadPostTableViewCell.swift */ = {isa = PBXFileReference; lastKnownFileType = sourcecode.swift; path = ReadPostTableViewCell.swift; sourceTree = "<group>"; };
		64FA7CBC23F1483D00975B03 /* ReadPostTableViewCell.xib */ = {isa = PBXFileReference; lastKnownFileType = file.xib; path = ReadPostTableViewCell.xib; sourceTree = "<group>"; };
		64FA7CBF23F148D800975B03 /* ReadPostTableViewHeaderView.xib */ = {isa = PBXFileReference; lastKnownFileType = file.xib; path = ReadPostTableViewHeaderView.xib; sourceTree = "<group>"; };
		64FA7CC123F2365800975B03 /* ReadPostTableViewFooterView.xib */ = {isa = PBXFileReference; lastKnownFileType = file.xib; path = ReadPostTableViewFooterView.xib; sourceTree = "<group>"; };
		64FA7CC323F2366A00975B03 /* ReadPostTableViewFooterView.swift */ = {isa = PBXFileReference; lastKnownFileType = sourcecode.swift; path = ReadPostTableViewFooterView.swift; sourceTree = "<group>"; };
		64FA7CC723F550C600975B03 /* CharacterPickViewController.swift */ = {isa = PBXFileReference; lastKnownFileType = sourcecode.swift; path = CharacterPickViewController.swift; sourceTree = "<group>"; };
		64FA7CC923F5511B00975B03 /* PickCraftsmenViewController.swift */ = {isa = PBXFileReference; lastKnownFileType = sourcecode.swift; path = PickCraftsmenViewController.swift; sourceTree = "<group>"; };
		64FA8E3D23FF90FE000A1334 /* FilterViewController.swift */ = {isa = PBXFileReference; lastKnownFileType = sourcecode.swift; path = FilterViewController.swift; sourceTree = "<group>"; };
		64FA8E3F23FFC272000A1334 /* FilterPickerTableViewCell.swift */ = {isa = PBXFileReference; lastKnownFileType = sourcecode.swift; path = FilterPickerTableViewCell.swift; sourceTree = "<group>"; };
		64FA8E4023FFC272000A1334 /* FilterPickerTableViewCell.xib */ = {isa = PBXFileReference; lastKnownFileType = file.xib; path = FilterPickerTableViewCell.xib; sourceTree = "<group>"; };
		64FA8E432400F479000A1334 /* FilterModel.swift */ = {isa = PBXFileReference; lastKnownFileType = sourcecode.swift; path = FilterModel.swift; sourceTree = "<group>"; };
		64FA8E45240256CA000A1334 /* CraftsmenFilterViewController.swift */ = {isa = PBXFileReference; lastKnownFileType = sourcecode.swift; path = CraftsmenFilterViewController.swift; sourceTree = "<group>"; };
		64FA8E4724025B3D000A1334 /* CraftsmenFilterCondition.swift */ = {isa = PBXFileReference; lastKnownFileType = sourcecode.swift; path = CraftsmenFilterCondition.swift; sourceTree = "<group>"; };
		64FA8E4D2402660B000A1334 /* CraftsmenFilterCollectionReusableView.swift */ = {isa = PBXFileReference; lastKnownFileType = sourcecode.swift; path = CraftsmenFilterCollectionReusableView.swift; sourceTree = "<group>"; };
		64FAB11E23EC001A0073235C /* UserManager.swift */ = {isa = PBXFileReference; lastKnownFileType = sourcecode.swift; path = UserManager.swift; sourceTree = "<group>"; };
		64FAB12223ED36130073235C /* JGProgressWrapper.swift */ = {isa = PBXFileReference; lastKnownFileType = sourcecode.swift; path = JGProgressWrapper.swift; sourceTree = "<group>"; };
		64FAB12423ED49F70073235C /* ArticleManager.swift */ = {isa = PBXFileReference; lastKnownFileType = sourcecode.swift; path = ArticleManager.swift; sourceTree = "<group>"; };
		64FAB12623ED548A0073235C /* DecorateStyleViewController.swift */ = {isa = PBXFileReference; lastKnownFileType = sourcecode.swift; path = DecorateStyleViewController.swift; sourceTree = "<group>"; };
		64FAB12C23ED57900073235C /* DecorateStyleCollectionViewCell.swift */ = {isa = PBXFileReference; lastKnownFileType = sourcecode.swift; path = DecorateStyleCollectionViewCell.swift; sourceTree = "<group>"; };
		64FAB12D23ED57900073235C /* DecorateStyleCollectionViewCell.xib */ = {isa = PBXFileReference; lastKnownFileType = file.xib; path = DecorateStyleCollectionViewCell.xib; sourceTree = "<group>"; };
		64FAB13023ED640A0073235C /* UIColor+Extension.swift */ = {isa = PBXFileReference; lastKnownFileType = sourcecode.swift; path = "UIColor+Extension.swift"; sourceTree = "<group>"; };
		64FAB13223EE4E5B0073235C /* DecorateStyleCollectionReusableView.swift */ = {isa = PBXFileReference; lastKnownFileType = sourcecode.swift; path = DecorateStyleCollectionReusableView.swift; sourceTree = "<group>"; };
		64FAB13423EE528E0073235C /* LocationViewController.swift */ = {isa = PBXFileReference; lastKnownFileType = sourcecode.swift; path = LocationViewController.swift; sourceTree = "<group>"; };
		64FAB13623EEAA160073235C /* SizeViewController.swift */ = {isa = PBXFileReference; lastKnownFileType = sourcecode.swift; path = SizeViewController.swift; sourceTree = "<group>"; };
		64FAB13823EEB6E00073235C /* CollaboratorViewController.swift */ = {isa = PBXFileReference; lastKnownFileType = sourcecode.swift; path = CollaboratorViewController.swift; sourceTree = "<group>"; };
		64FAB14123EEB8C30073235C /* CollaboratorCollectionViewCell.swift */ = {isa = PBXFileReference; lastKnownFileType = sourcecode.swift; path = CollaboratorCollectionViewCell.swift; sourceTree = "<group>"; };
		64FAB14223EEB8C30073235C /* CollaboratorCollectionViewCell.xib */ = {isa = PBXFileReference; lastKnownFileType = file.xib; path = CollaboratorCollectionViewCell.xib; sourceTree = "<group>"; };
		64FAB14523EEB9FD0073235C /* CollaboratorTableViewCell.swift */ = {isa = PBXFileReference; lastKnownFileType = sourcecode.swift; path = CollaboratorTableViewCell.swift; sourceTree = "<group>"; };
		64FAB14623EEB9FD0073235C /* CollaboratorTableViewCell.xib */ = {isa = PBXFileReference; lastKnownFileType = file.xib; path = CollaboratorTableViewCell.xib; sourceTree = "<group>"; };
		64FAB14923EFF0CD0073235C /* CollaboratorLogoCollectionViewCell.swift */ = {isa = PBXFileReference; lastKnownFileType = sourcecode.swift; path = CollaboratorLogoCollectionViewCell.swift; sourceTree = "<group>"; };
		64FAB14A23EFF0CD0073235C /* CollaboratorLogoCollectionViewCell.xib */ = {isa = PBXFileReference; lastKnownFileType = file.xib; path = CollaboratorLogoCollectionViewCell.xib; sourceTree = "<group>"; };
		64FC72D323FBF0D2004F2A07 /* CircularTransition.swift */ = {isa = PBXFileReference; lastKnownFileType = sourcecode.swift; path = CircularTransition.swift; sourceTree = "<group>"; };
		64FC72E323FD26EC004F2A07 /* ProfolioTestViewController.swift */ = {isa = PBXFileReference; lastKnownFileType = sourcecode.swift; path = ProfolioTestViewController.swift; sourceTree = "<group>"; };
		64FC72E523FD26FD004F2A07 /* PhotoPageContainerViewController.swift */ = {isa = PBXFileReference; lastKnownFileType = sourcecode.swift; path = PhotoPageContainerViewController.swift; sourceTree = "<group>"; };
		64FC72E723FD270B004F2A07 /* PhotoZoomViewController.swift */ = {isa = PBXFileReference; lastKnownFileType = sourcecode.swift; path = PhotoZoomViewController.swift; sourceTree = "<group>"; };
		64FC72E923FD2962004F2A07 /* ZoomAnimator.swift */ = {isa = PBXFileReference; lastKnownFileType = sourcecode.swift; path = ZoomAnimator.swift; sourceTree = "<group>"; };
		64FC72EB23FD296B004F2A07 /* ZoomDismissalInteractionController.swift */ = {isa = PBXFileReference; lastKnownFileType = sourcecode.swift; path = ZoomDismissalInteractionController.swift; sourceTree = "<group>"; };
		64FC72ED23FD2975004F2A07 /* ZoomTransitionController.swift */ = {isa = PBXFileReference; lastKnownFileType = sourcecode.swift; path = ZoomTransitionController.swift; sourceTree = "<group>"; };
		64FC72EF23FD2C12004F2A07 /* ProfolioCollectionReusableView.swift */ = {isa = PBXFileReference; lastKnownFileType = sourcecode.swift; path = ProfolioCollectionReusableView.swift; sourceTree = "<group>"; };
		64FC72F123FD3BD6004F2A07 /* ArticleListTableViewCell.swift */ = {isa = PBXFileReference; lastKnownFileType = sourcecode.swift; path = ArticleListTableViewCell.swift; sourceTree = "<group>"; };
		64FC72F223FD3BD6004F2A07 /* ArticleListTableViewCell.xib */ = {isa = PBXFileReference; lastKnownFileType = file.xib; path = ArticleListTableViewCell.xib; sourceTree = "<group>"; };
		64FC818723E7BF3F0027DDEE /* ProfolioCollectionViewCell.swift */ = {isa = PBXFileReference; lastKnownFileType = sourcecode.swift; path = ProfolioCollectionViewCell.swift; sourceTree = "<group>"; };
		64FC818823E7BF3F0027DDEE /* ProfolioCollectionViewCell.xib */ = {isa = PBXFileReference; lastKnownFileType = file.xib; path = ProfolioCollectionViewCell.xib; sourceTree = "<group>"; };
		64FC818B23E7C26E0027DDEE /* ProfolioTableViewCell.swift */ = {isa = PBXFileReference; lastKnownFileType = sourcecode.swift; path = ProfolioTableViewCell.swift; sourceTree = "<group>"; };
		64FC818C23E7C26E0027DDEE /* ProfolioTableViewCell.xib */ = {isa = PBXFileReference; lastKnownFileType = file.xib; path = ProfolioTableViewCell.xib; sourceTree = "<group>"; };
		64FC819123E7E4D70027DDEE /* ChatListTableViewCell.swift */ = {isa = PBXFileReference; lastKnownFileType = sourcecode.swift; path = ChatListTableViewCell.swift; sourceTree = "<group>"; };
		64FC819223E7E4D70027DDEE /* ChatListTableViewCell.xib */ = {isa = PBXFileReference; lastKnownFileType = file.xib; path = ChatListTableViewCell.xib; sourceTree = "<group>"; };
		64FC819523E7E9D70027DDEE /* ChatRoomViewController.swift */ = {isa = PBXFileReference; lastKnownFileType = sourcecode.swift; path = ChatRoomViewController.swift; sourceTree = "<group>"; };
		64FC819723E7EE2D0027DDEE /* ChatRoomTableViewCell.swift */ = {isa = PBXFileReference; lastKnownFileType = sourcecode.swift; path = ChatRoomTableViewCell.swift; sourceTree = "<group>"; };
		64FC819823E7EE2D0027DDEE /* ChatRoomTableViewCell.xib */ = {isa = PBXFileReference; lastKnownFileType = file.xib; path = ChatRoomTableViewCell.xib; sourceTree = "<group>"; };
		64FC819D23E7FC190027DDEE /* ChatRoomBottomView.xib */ = {isa = PBXFileReference; lastKnownFileType = file.xib; path = ChatRoomBottomView.xib; sourceTree = "<group>"; };
		64FC819F23E7FC9A0027DDEE /* ChatRoomBottomView.swift */ = {isa = PBXFileReference; lastKnownFileType = sourcecode.swift; path = ChatRoomBottomView.swift; sourceTree = "<group>"; };
		64FE4EBE23E8091800A5D3EC /* ChatRoomSelfTableViewCell.swift */ = {isa = PBXFileReference; lastKnownFileType = sourcecode.swift; path = ChatRoomSelfTableViewCell.swift; sourceTree = "<group>"; };
		64FE4EBF23E8091800A5D3EC /* ChatRoomSelfTableViewCell.xib */ = {isa = PBXFileReference; lastKnownFileType = file.xib; path = ChatRoomSelfTableViewCell.xib; sourceTree = "<group>"; };
		64FE4EC323E824CD00A5D3EC /* PickCustomerViewController.swift */ = {isa = PBXFileReference; lastKnownFileType = sourcecode.swift; path = PickCustomerViewController.swift; sourceTree = "<group>"; };
		64FE4EC523E824D900A5D3EC /* LogInViewController.swift */ = {isa = PBXFileReference; lastKnownFileType = sourcecode.swift; path = LogInViewController.swift; sourceTree = "<group>"; };
		64FE4EC723E83E9400A5D3EC /* UITextField+Extension.swift */ = {isa = PBXFileReference; lastKnownFileType = sourcecode.swift; path = "UITextField+Extension.swift"; sourceTree = "<group>"; };
		64FE4EC923E918EA00A5D3EC /* ProfileTableViewCell.swift */ = {isa = PBXFileReference; lastKnownFileType = sourcecode.swift; path = ProfileTableViewCell.swift; sourceTree = "<group>"; };
		64FE4ECA23E918EA00A5D3EC /* ProfileTableViewCell.xib */ = {isa = PBXFileReference; lastKnownFileType = file.xib; path = ProfileTableViewCell.xib; sourceTree = "<group>"; };
		64FE4ECF23E95CB200A5D3EC /* RoundCorner+Shadow.swift */ = {isa = PBXFileReference; lastKnownFileType = sourcecode.swift; path = "RoundCorner+Shadow.swift"; sourceTree = "<group>"; };
		64FE4ED123E9838B00A5D3EC /* InfoViewController.swift */ = {isa = PBXFileReference; lastKnownFileType = sourcecode.swift; path = InfoViewController.swift; sourceTree = "<group>"; };
		64FE4ED323E983B200A5D3EC /* FavoriteViewController.swift */ = {isa = PBXFileReference; lastKnownFileType = sourcecode.swift; path = FavoriteViewController.swift; sourceTree = "<group>"; };
		64FE4ED523E983D500A5D3EC /* YourPostViewController.swift */ = {isa = PBXFileReference; lastKnownFileType = sourcecode.swift; path = YourPostViewController.swift; sourceTree = "<group>"; };
		64FE4ED723E9875E00A5D3EC /* InfoTableViewCell.swift */ = {isa = PBXFileReference; lastKnownFileType = sourcecode.swift; path = InfoTableViewCell.swift; sourceTree = "<group>"; };
		64FE4ED823E9875E00A5D3EC /* InfoTableViewCell.xib */ = {isa = PBXFileReference; lastKnownFileType = file.xib; path = InfoTableViewCell.xib; sourceTree = "<group>"; };
		64FE4EDB23EA4A5900A5D3EC /* FavoriteTableViewCell.swift */ = {isa = PBXFileReference; lastKnownFileType = sourcecode.swift; path = FavoriteTableViewCell.swift; sourceTree = "<group>"; };
		64FE4EDC23EA4A5900A5D3EC /* FavoriteTableViewCell.xib */ = {isa = PBXFileReference; lastKnownFileType = file.xib; path = FavoriteTableViewCell.xib; sourceTree = "<group>"; };
		64FE4EDF23EA55CB00A5D3EC /* YourPostTableViewCell.swift */ = {isa = PBXFileReference; lastKnownFileType = sourcecode.swift; path = YourPostTableViewCell.swift; sourceTree = "<group>"; };
		64FE4EE023EA55CB00A5D3EC /* YourPostTableViewCell.xib */ = {isa = PBXFileReference; lastKnownFileType = file.xib; path = YourPostTableViewCell.xib; sourceTree = "<group>"; };
		64FE4EE323EA643300A5D3EC /* YourPostCollectionViewCell.swift */ = {isa = PBXFileReference; lastKnownFileType = sourcecode.swift; path = YourPostCollectionViewCell.swift; sourceTree = "<group>"; };
		64FE4EE423EA643300A5D3EC /* YourPostCollectionViewCell.xib */ = {isa = PBXFileReference; lastKnownFileType = file.xib; path = YourPostCollectionViewCell.xib; sourceTree = "<group>"; };
		64FE4EE923EA72B900A5D3EC /* CraftsmenResumeViewController.swift */ = {isa = PBXFileReference; lastKnownFileType = sourcecode.swift; path = CraftsmenResumeViewController.swift; sourceTree = "<group>"; };
/* End PBXFileReference section */

/* Begin PBXFrameworksBuildPhase section */
		647A7CA523D83376005D1946 /* Frameworks */ = {
			isa = PBXFrameworksBuildPhase;
			buildActionMask = 2147483647;
			files = (
				2967C2F39E399953A4883E61 /* Pods_DecorYou.framework in Frameworks */,
			);
			runOnlyForDeploymentPostprocessing = 0;
		};
/* End PBXFrameworksBuildPhase section */

/* Begin PBXGroup section */
		07595BBCB594480F96A0B84B /* Frameworks */ = {
			isa = PBXGroup;
			children = (
				2DCBAF85DD003295D6685158 /* Pods_DecorYou.framework */,
			);
			name = Frameworks;
			sourceTree = "<group>";
		};
		570C59BECAFBADDCD4206828 /* Pods */ = {
			isa = PBXGroup;
			children = (
				1F3011E028BC5AE10C835F5E /* Pods-DecorYou.debug.xcconfig */,
				16811DD988D5917B85CF4132 /* Pods-DecorYou.release.xcconfig */,
			);
			path = Pods;
			sourceTree = "<group>";
		};
		6406275A23EA91F000086434 /* Model */ = {
			isa = PBXGroup;
			children = (
				64FC72E923FD2962004F2A07 /* ZoomAnimator.swift */,
				64FC72EB23FD296B004F2A07 /* ZoomDismissalInteractionController.swift */,
				64FC72ED23FD2975004F2A07 /* ZoomTransitionController.swift */,
				6406275823EA91EC00086434 /* ArticleAnimationTransition.swift */,
				64FC72D323FBF0D2004F2A07 /* CircularTransition.swift */,
				64FAB11E23EC001A0073235C /* UserManager.swift */,
				64FAB12423ED49F70073235C /* ArticleManager.swift */,
				64FA8E4724025B3D000A1334 /* CraftsmenFilterCondition.swift */,
				64FA8E432400F479000A1334 /* FilterModel.swift */,
			);
			path = Model;
			sourceTree = "<group>";
		};
		6406276923EBDC3200086434 /* Auth */ = {
			isa = PBXGroup;
			children = (
				647A7CD023D83DCA005D1946 /* Auth.storyboard */,
				64012B9923F67043001D20D0 /* ServiceAreaCollectionViewCell.swift */,
				64012B9A23F67043001D20D0 /* ServiceAreaCollectionViewCell.xib */,
			);
			path = Auth;
			sourceTree = "<group>";
		};
		647A7C9F23D83376005D1946 = {
			isa = PBXGroup;
			children = (
				647A7CAA23D83376005D1946 /* DecorYou */,
				647A7CA923D83376005D1946 /* Products */,
				570C59BECAFBADDCD4206828 /* Pods */,
				07595BBCB594480F96A0B84B /* Frameworks */,
			);
			sourceTree = "<group>";
		};
		647A7CA923D83376005D1946 /* Products */ = {
			isa = PBXGroup;
			children = (
				647A7CA823D83376005D1946 /* DecorYou.app */,
			);
			name = Products;
			sourceTree = "<group>";
		};
		647A7CAA23D83376005D1946 /* DecorYou */ = {
			isa = PBXGroup;
			children = (
				647A7CAB23D83376005D1946 /* AppDelegate.swift */,
				647A7CB423D83377005D1946 /* Assets.xcassets */,
				647A7CCF23D83C7C005D1946 /* Extension */,
				647A7CDB23DAE012005D1946 /* View */,
				647A7CDA23D84B80005D1946 /* Controller */,
				647A7CB623D83377005D1946 /* LaunchScreen.storyboard */,
				647A7CB923D83377005D1946 /* Info.plist */,
				647A7CBF23D833D4005D1946 /* GoogleService-Info.plist */,
				6406275A23EA91F000086434 /* Model */,
			);
			path = DecorYou;
			sourceTree = "<group>";
		};
		647A7CCF23D83C7C005D1946 /* Extension */ = {
			isa = PBXGroup;
			children = (
				647A7CCD23D83C61005D1946 /* UIImage+Extension.swift */,
				647A7CCB23D83BCE005D1946 /* UIStoryboard+Extension.swift */,
				64FA42AD23E3A7990065DCEF /* UICollectionView+Extension.swift */,
				64FA42AF23E3A7C80065DCEF /* UITableView+Extension.swift */,
				64FE4EC723E83E9400A5D3EC /* UITextField+Extension.swift */,
				64FAB13023ED640A0073235C /* UIColor+Extension.swift */,
				64FE4ECF23E95CB200A5D3EC /* RoundCorner+Shadow.swift */,
				64FA429C23E347060065DCEF /* KingFisherWrapper.swift */,
				64FAB12223ED36130073235C /* JGProgressWrapper.swift */,
			);
			path = Extension;
			sourceTree = "<group>";
		};
		647A7CDA23D84B80005D1946 /* Controller */ = {
			isa = PBXGroup;
			children = (
				64FA429123DD3B850065DCEF /* Base */,
				64FA42A323E381090065DCEF /* Article */,
				64FA42B123E3C5B10065DCEF /* Craftsmen */,
				64FC819023E7DB6E0027DDEE /* Chat */,
				64FE4ECE23E951F800A5D3EC /* Profile */,
				64FE4EC223E824AD00A5D3EC /* Auth */,
			);
			path = Controller;
			sourceTree = "<group>";
		};
		647A7CDB23DAE012005D1946 /* View */ = {
			isa = PBXGroup;
			children = (
				647A7CB123D83376005D1946 /* Main.storyboard */,
				6406276923EBDC3200086434 /* Auth */,
				64FA429E23E349510065DCEF /* Article */,
				64FA42AC23E3932E0065DCEF /* Craftsmen */,
				64FC818F23E7CF230027DDEE /* Chat */,
				64FE4ECD23E918EE00A5D3EC /* Profile */,
			);
			path = View;
			sourceTree = "<group>";
		};
		64FA429123DD3B850065DCEF /* Base */ = {
			isa = PBXGroup;
			children = (
				647A7CAF23D83376005D1946 /* STTabBarViewController.swift */,
				64FA429423DD3BD60065DCEF /* STBaseViewController.swift */,
			);
			path = Base;
			sourceTree = "<group>";
		};
		64FA429E23E349510065DCEF /* Article */ = {
			isa = PBXGroup;
			children = (
				647A7CC923D83BB0005D1946 /* Article.storyboard */,
				64FA58CC23FE8C48003D7353 /* FilterTableViewHeaderView.swift */,
				64FA58CE23FE8C5E003D7353 /* FilterTableViewHeaderView.xib */,
				64FA8E3F23FFC272000A1334 /* FilterPickerTableViewCell.swift */,
				64FA8E4023FFC272000A1334 /* FilterPickerTableViewCell.xib */,
				64FA58C423FE852A003D7353 /* FilterTableViewCell.swift */,
				64FA58C523FE852A003D7353 /* FilterTableViewCell.xib */,
				64FA58C823FE86E5003D7353 /* FilterCollectionTableViewCell.swift */,
				64FA58C923FE86E5003D7353 /* FilterCollectionTableViewCell.xib */,
				64FA58D023FE91F0003D7353 /* FilterCollectionViewCell.swift */,
				64FA58D123FE91F0003D7353 /* FilterCollectionViewCell.xib */,
				64FA429823E341440065DCEF /* ArticleTableViewCell.swift */,
				64FA429923E341440065DCEF /* ArticleTableViewCell.xib */,
				64FC72F123FD3BD6004F2A07 /* ArticleListTableViewCell.swift */,
				64FC72F223FD3BD6004F2A07 /* ArticleListTableViewCell.xib */,
				64FA42A423E382DF0065DCEF /* NewPostTableViewCell.swift */,
				64FA42A523E382DF0065DCEF /* NewPostTableViewCell.xib */,
				6406275D23EA942900086434 /* ReadPostTableViewHeaderView.swift */,
				64FA7CBF23F148D800975B03 /* ReadPostTableViewHeaderView.xib */,
				64FA7CBB23F1483D00975B03 /* ReadPostTableViewCell.swift */,
				64FA7CBC23F1483D00975B03 /* ReadPostTableViewCell.xib */,
				64FA7CC323F2366A00975B03 /* ReadPostTableViewFooterView.swift */,
				64FA7CC123F2365800975B03 /* ReadPostTableViewFooterView.xib */,
				6406276123EAA10100086434 /* ReadPostBottomView.swift */,
				6406276323EAA21D00086434 /* ReadPostBottomView.xib */,
				64FAB12C23ED57900073235C /* DecorateStyleCollectionViewCell.swift */,
				64FAB12D23ED57900073235C /* DecorateStyleCollectionViewCell.xib */,
				64FAB13223EE4E5B0073235C /* DecorateStyleCollectionReusableView.swift */,
				64FAB14123EEB8C30073235C /* CollaboratorCollectionViewCell.swift */,
				64FAB14223EEB8C30073235C /* CollaboratorCollectionViewCell.xib */,
				64FAB14523EEB9FD0073235C /* CollaboratorTableViewCell.swift */,
				64FAB14623EEB9FD0073235C /* CollaboratorTableViewCell.xib */,
				64FAB14923EFF0CD0073235C /* CollaboratorLogoCollectionViewCell.swift */,
				64FAB14A23EFF0CD0073235C /* CollaboratorLogoCollectionViewCell.xib */,
			);
			path = Article;
			sourceTree = "<group>";
		};
		64FA42A323E381090065DCEF /* Article */ = {
			isa = PBXGroup;
			children = (
				647A7CC123D83718005D1946 /* ArticleViewController.swift */,
				64FA8E3D23FF90FE000A1334 /* FilterViewController.swift */,
				64FA42A123E35F2D0065DCEF /* NewPostViewController.swift */,
				6406275B23EA936700086434 /* ReadPostViewController.swift */,
				6406276523EAAD1200086434 /* MoreViewController.swift */,
				6406276723EAB4B200086434 /* ReplyViewController.swift */,
				64FAB12623ED548A0073235C /* DecorateStyleViewController.swift */,
				64FAB13423EE528E0073235C /* LocationViewController.swift */,
				64FAB13623EEAA160073235C /* SizeViewController.swift */,
				64FAB13823EEB6E00073235C /* CollaboratorViewController.swift */,
			);
			path = Article;
			sourceTree = "<group>";
		};
		64FA42AC23E3932E0065DCEF /* Craftsmen */ = {
			isa = PBXGroup;
			children = (
				647A7CC723D83BA0005D1946 /* Craftsmen.storyboard */,
				64FA8E4D2402660B000A1334 /* CraftsmenFilterCollectionReusableView.swift */,
				64FC72EF23FD2C12004F2A07 /* ProfolioCollectionReusableView.swift */,
				64FA42A823E393280065DCEF /* CraftsmenCollectionViewCell.swift */,
				64FA42A923E393280065DCEF /* CraftsmenCollectionViewCell.xib */,
				64FC818B23E7C26E0027DDEE /* ProfolioTableViewCell.swift */,
				64FC818C23E7C26E0027DDEE /* ProfolioTableViewCell.xib */,
				64FC818723E7BF3F0027DDEE /* ProfolioCollectionViewCell.swift */,
				64FC818823E7BF3F0027DDEE /* ProfolioCollectionViewCell.xib */,
				64FA42B423E7B3800065DCEF /* ResumeCollectionViewCell.swift */,
				64FA42B523E7B3800065DCEF /* ResumeCollectionViewCell.xib */,
			);
			path = Craftsmen;
			sourceTree = "<group>";
		};
		64FA42B123E3C5B10065DCEF /* Craftsmen */ = {
			isa = PBXGroup;
			children = (
				647A7CD423D83E49005D1946 /* CraftsmenViewController.swift */,
				64FA8E45240256CA000A1334 /* CraftsmenFilterViewController.swift */,
				64FA42B223E3C5CD0065DCEF /* ResumeViewController.swift */,
				64FA42B823E7B74E0065DCEF /* ProfolioViewController.swift */,
				64FC72E323FD26EC004F2A07 /* ProfolioTestViewController.swift */,
				64FC72E523FD26FD004F2A07 /* PhotoPageContainerViewController.swift */,
				64FC72E723FD270B004F2A07 /* PhotoZoomViewController.swift */,
			);
			path = Craftsmen;
			sourceTree = "<group>";
		};
		64FC818F23E7CF230027DDEE /* Chat */ = {
			isa = PBXGroup;
			children = (
				647A7CC523D83B92005D1946 /* Chat.storyboard */,
				64FC819F23E7FC9A0027DDEE /* ChatRoomBottomView.swift */,
				64FC819D23E7FC190027DDEE /* ChatRoomBottomView.xib */,
				64FC819123E7E4D70027DDEE /* ChatListTableViewCell.swift */,
				64FC819223E7E4D70027DDEE /* ChatListTableViewCell.xib */,
				64FC819723E7EE2D0027DDEE /* ChatRoomTableViewCell.swift */,
				64FC819823E7EE2D0027DDEE /* ChatRoomTableViewCell.xib */,
				64FE4EBE23E8091800A5D3EC /* ChatRoomSelfTableViewCell.swift */,
				64FE4EBF23E8091800A5D3EC /* ChatRoomSelfTableViewCell.xib */,
			);
			path = Chat;
			sourceTree = "<group>";
		};
		64FC819023E7DB6E0027DDEE /* Chat */ = {
			isa = PBXGroup;
			children = (
				647A7CD623D83E55005D1946 /* ChatViewController.swift */,
				64FC819523E7E9D70027DDEE /* ChatRoomViewController.swift */,
			);
			path = Chat;
			sourceTree = "<group>";
		};
		64FE4EC223E824AD00A5D3EC /* Auth */ = {
			isa = PBXGroup;
			children = (
				647A7CD223D83E33005D1946 /* AuthViewController.swift */,
				64FA7CC723F550C600975B03 /* CharacterPickViewController.swift */,
				64FA7CC923F5511B00975B03 /* PickCraftsmenViewController.swift */,
				64012B9723F67009001D20D0 /* ServiceAreaViewController.swift */,
				64FE4EC323E824CD00A5D3EC /* PickCustomerViewController.swift */,
				64FE4EC523E824D900A5D3EC /* LogInViewController.swift */,
			);
			path = Auth;
			sourceTree = "<group>";
		};
		64FE4ECD23E918EE00A5D3EC /* Profile */ = {
			isa = PBXGroup;
			children = (
				647A7CC323D83B7F005D1946 /* Profile.storyboard */,
				64FE4EC923E918EA00A5D3EC /* ProfileTableViewCell.swift */,
				64FE4ECA23E918EA00A5D3EC /* ProfileTableViewCell.xib */,
				64FE4ED723E9875E00A5D3EC /* InfoTableViewCell.swift */,
				64FE4ED823E9875E00A5D3EC /* InfoTableViewCell.xib */,
				64FE4EDB23EA4A5900A5D3EC /* FavoriteTableViewCell.swift */,
				64FE4EDC23EA4A5900A5D3EC /* FavoriteTableViewCell.xib */,
				64FE4EDF23EA55CB00A5D3EC /* YourPostTableViewCell.swift */,
				64FE4EE023EA55CB00A5D3EC /* YourPostTableViewCell.xib */,
				64FE4EE323EA643300A5D3EC /* YourPostCollectionViewCell.swift */,
				64FE4EE423EA643300A5D3EC /* YourPostCollectionViewCell.xib */,
				64012BA123F7FA81001D20D0 /* UploadProfolioTableViewCell.swift */,
				64012BA223F7FA81001D20D0 /* UploadProfolioTableViewCell.xib */,
				64F9D89923F9379400F28186 /* PhotosCollectionViewCell.swift */,
				64F9D89A23F9379400F28186 /* PhotosCollectionViewCell.xib */,
			);
			path = Profile;
			sourceTree = "<group>";
		};
		64FE4ECE23E951F800A5D3EC /* Profile */ = {
			isa = PBXGroup;
			children = (
				647A7CD823D83E5E005D1946 /* ProfileViewController.swift */,
				64FE4EE923EA72B900A5D3EC /* CraftsmenResumeViewController.swift */,
				64012B9F23F7F7ED001D20D0 /* UploadProfolioViewController.swift */,
				64F9D89723F9239D00F28186 /* PhotosViewController.swift */,
				64FE4ED123E9838B00A5D3EC /* InfoViewController.swift */,
				64FE4ED323E983B200A5D3EC /* FavoriteViewController.swift */,
				64FE4ED523E983D500A5D3EC /* YourPostViewController.swift */,
			);
			path = Profile;
			sourceTree = "<group>";
		};
/* End PBXGroup section */

/* Begin PBXNativeTarget section */
		647A7CA723D83376005D1946 /* DecorYou */ = {
			isa = PBXNativeTarget;
			buildConfigurationList = 647A7CBC23D83377005D1946 /* Build configuration list for PBXNativeTarget "DecorYou" */;
			buildPhases = (
				8C906B328BE8B7848B35CA53 /* [CP] Check Pods Manifest.lock */,
				647A7CA423D83376005D1946 /* Sources */,
				647A7CA523D83376005D1946 /* Frameworks */,
				647A7CA623D83376005D1946 /* Resources */,
				8F45C7CA5CC3F96C50562D4B /* [CP] Embed Pods Frameworks */,
			);
			buildRules = (
			);
			dependencies = (
			);
			name = DecorYou;
			productName = DecorYou;
			productReference = 647A7CA823D83376005D1946 /* DecorYou.app */;
			productType = "com.apple.product-type.application";
		};
/* End PBXNativeTarget section */

/* Begin PBXProject section */
		647A7CA023D83376005D1946 /* Project object */ = {
			isa = PBXProject;
			attributes = {
				LastSwiftUpdateCheck = 1120;
				LastUpgradeCheck = 1120;
				ORGANIZATIONNAME = Hamburger;
				TargetAttributes = {
					647A7CA723D83376005D1946 = {
						CreatedOnToolsVersion = 11.2.1;
					};
				};
			};
			buildConfigurationList = 647A7CA323D83376005D1946 /* Build configuration list for PBXProject "DecorYou" */;
			compatibilityVersion = "Xcode 9.3";
			developmentRegion = en;
			hasScannedForEncodings = 0;
			knownRegions = (
				en,
				Base,
			);
			mainGroup = 647A7C9F23D83376005D1946;
			productRefGroup = 647A7CA923D83376005D1946 /* Products */;
			projectDirPath = "";
			projectRoot = "";
			targets = (
				647A7CA723D83376005D1946 /* DecorYou */,
			);
		};
/* End PBXProject section */

/* Begin PBXResourcesBuildPhase section */
		647A7CA623D83376005D1946 /* Resources */ = {
			isa = PBXResourcesBuildPhase;
			buildActionMask = 2147483647;
			files = (
				64FA429B23E341440065DCEF /* ArticleTableViewCell.xib in Resources */,
				64FAB14823EEB9FD0073235C /* CollaboratorTableViewCell.xib in Resources */,
				647A7CD123D83DCA005D1946 /* Auth.storyboard in Resources */,
				64FAB14C23EFF0CD0073235C /* CollaboratorLogoCollectionViewCell.xib in Resources */,
				647A7CC623D83B92005D1946 /* Chat.storyboard in Resources */,
				64FAB12F23ED57900073235C /* DecorateStyleCollectionViewCell.xib in Resources */,
				64FC819A23E7EE2D0027DDEE /* ChatRoomTableViewCell.xib in Resources */,
				647A7CB823D83377005D1946 /* LaunchScreen.storyboard in Resources */,
				64012BA423F7FA81001D20D0 /* UploadProfolioTableViewCell.xib in Resources */,
				647A7CC023D833D4005D1946 /* GoogleService-Info.plist in Resources */,
				64FC818A23E7BF3F0027DDEE /* ProfolioCollectionViewCell.xib in Resources */,
				64FA58CF23FE8C5E003D7353 /* FilterTableViewHeaderView.xib in Resources */,
				6406276423EAA21D00086434 /* ReadPostBottomView.xib in Resources */,
				64FA58D323FE91F0003D7353 /* FilterCollectionViewCell.xib in Resources */,
				647A7CC423D83B7F005D1946 /* Profile.storyboard in Resources */,
				647A7CC823D83BA0005D1946 /* Craftsmen.storyboard in Resources */,
				64012B9C23F67043001D20D0 /* ServiceAreaCollectionViewCell.xib in Resources */,
				64FA8E4223FFC272000A1334 /* FilterPickerTableViewCell.xib in Resources */,
				64FE4ECC23E918EA00A5D3EC /* ProfileTableViewCell.xib in Resources */,
				64FC72F423FD3BD6004F2A07 /* ArticleListTableViewCell.xib in Resources */,
				64FA42B723E7B3800065DCEF /* ResumeCollectionViewCell.xib in Resources */,
				64FE4EE223EA55CB00A5D3EC /* YourPostTableViewCell.xib in Resources */,
				64FC819423E7E4D70027DDEE /* ChatListTableViewCell.xib in Resources */,
				647A7CCA23D83BB0005D1946 /* Article.storyboard in Resources */,
				64FA7CBE23F1483D00975B03 /* ReadPostTableViewCell.xib in Resources */,
				64F9D89C23F9379400F28186 /* PhotosCollectionViewCell.xib in Resources */,
				64FE4EC123E8091800A5D3EC /* ChatRoomSelfTableViewCell.xib in Resources */,
				64FA42A723E382DF0065DCEF /* NewPostTableViewCell.xib in Resources */,
				647A7CB523D83377005D1946 /* Assets.xcassets in Resources */,
				64FA58CB23FE86E5003D7353 /* FilterCollectionTableViewCell.xib in Resources */,
				64FE4EDA23E9875E00A5D3EC /* InfoTableViewCell.xib in Resources */,
				64FE4EDE23EA4A5900A5D3EC /* FavoriteTableViewCell.xib in Resources */,
				64FA7CC023F148D800975B03 /* ReadPostTableViewHeaderView.xib in Resources */,
				64FAB14423EEB8C30073235C /* CollaboratorCollectionViewCell.xib in Resources */,
				64FE4EE623EA643300A5D3EC /* YourPostCollectionViewCell.xib in Resources */,
				64FC819E23E7FC190027DDEE /* ChatRoomBottomView.xib in Resources */,
				64FA42AB23E393280065DCEF /* CraftsmenCollectionViewCell.xib in Resources */,
				647A7CB323D83376005D1946 /* Main.storyboard in Resources */,
				64FC818E23E7C26E0027DDEE /* ProfolioTableViewCell.xib in Resources */,
				64FA7CC223F2365800975B03 /* ReadPostTableViewFooterView.xib in Resources */,
				64FA58C723FE852A003D7353 /* FilterTableViewCell.xib in Resources */,
			);
			runOnlyForDeploymentPostprocessing = 0;
		};
/* End PBXResourcesBuildPhase section */

/* Begin PBXShellScriptBuildPhase section */
		8C906B328BE8B7848B35CA53 /* [CP] Check Pods Manifest.lock */ = {
			isa = PBXShellScriptBuildPhase;
			buildActionMask = 2147483647;
			files = (
			);
			inputFileListPaths = (
			);
			inputPaths = (
				"${PODS_PODFILE_DIR_PATH}/Podfile.lock",
				"${PODS_ROOT}/Manifest.lock",
			);
			name = "[CP] Check Pods Manifest.lock";
			outputFileListPaths = (
			);
			outputPaths = (
				"$(DERIVED_FILE_DIR)/Pods-DecorYou-checkManifestLockResult.txt",
			);
			runOnlyForDeploymentPostprocessing = 0;
			shellPath = /bin/sh;
			shellScript = "diff \"${PODS_PODFILE_DIR_PATH}/Podfile.lock\" \"${PODS_ROOT}/Manifest.lock\" > /dev/null\nif [ $? != 0 ] ; then\n    # print error to STDERR\n    echo \"error: The sandbox is not in sync with the Podfile.lock. Run 'pod install' or update your CocoaPods installation.\" >&2\n    exit 1\nfi\n# This output is used by Xcode 'outputs' to avoid re-running this script phase.\necho \"SUCCESS\" > \"${SCRIPT_OUTPUT_FILE_0}\"\n";
			showEnvVarsInLog = 0;
		};
		8F45C7CA5CC3F96C50562D4B /* [CP] Embed Pods Frameworks */ = {
			isa = PBXShellScriptBuildPhase;
			buildActionMask = 2147483647;
			files = (
			);
			inputFileListPaths = (
				"${PODS_ROOT}/Target Support Files/Pods-DecorYou/Pods-DecorYou-frameworks-${CONFIGURATION}-input-files.xcfilelist",
			);
			name = "[CP] Embed Pods Frameworks";
			outputFileListPaths = (
				"${PODS_ROOT}/Target Support Files/Pods-DecorYou/Pods-DecorYou-frameworks-${CONFIGURATION}-output-files.xcfilelist",
			);
			runOnlyForDeploymentPostprocessing = 0;
			shellPath = /bin/sh;
			shellScript = "\"${PODS_ROOT}/Target Support Files/Pods-DecorYou/Pods-DecorYou-frameworks.sh\"\n";
			showEnvVarsInLog = 0;
		};
/* End PBXShellScriptBuildPhase section */

/* Begin PBXSourcesBuildPhase section */
		647A7CA423D83376005D1946 /* Sources */ = {
			isa = PBXSourcesBuildPhase;
			buildActionMask = 2147483647;
			files = (
				6406276623EAAD1200086434 /* MoreViewController.swift in Sources */,
				64F9D89823F9239D00F28186 /* PhotosViewController.swift in Sources */,
				64FAB13723EEAA160073235C /* SizeViewController.swift in Sources */,
				647A7CB023D83376005D1946 /* STTabBarViewController.swift in Sources */,
				64012B9823F67009001D20D0 /* ServiceAreaViewController.swift in Sources */,
				64FA8E4123FFC272000A1334 /* FilterPickerTableViewCell.swift in Sources */,
				64FAB14723EEB9FD0073235C /* CollaboratorTableViewCell.swift in Sources */,
				64FAB13323EE4E5B0073235C /* DecorateStyleCollectionReusableView.swift in Sources */,
				64FE4ED223E9838B00A5D3EC /* InfoViewController.swift in Sources */,
				64F9D89B23F9379400F28186 /* PhotosCollectionViewCell.swift in Sources */,
				64FA42B923E7B74E0065DCEF /* ProfolioViewController.swift in Sources */,
				647A7CD523D83E49005D1946 /* CraftsmenViewController.swift in Sources */,
				64FE4ECB23E918EA00A5D3EC /* ProfileTableViewCell.swift in Sources */,
				647A7CD723D83E55005D1946 /* ChatViewController.swift in Sources */,
				64FC81A023E7FC9A0027DDEE /* ChatRoomBottomView.swift in Sources */,
				64FA42A223E35F2D0065DCEF /* NewPostViewController.swift in Sources */,
				6406276823EAB4B200086434 /* ReplyViewController.swift in Sources */,
				64FA42A623E382DF0065DCEF /* NewPostTableViewCell.swift in Sources */,
				64012BA023F7F7ED001D20D0 /* UploadProfolioViewController.swift in Sources */,
				64FA42B623E7B3800065DCEF /* ResumeCollectionViewCell.swift in Sources */,
				64FA7CBD23F1483D00975B03 /* ReadPostTableViewCell.swift in Sources */,
				64FC72D423FBF0D2004F2A07 /* CircularTransition.swift in Sources */,
				64FA58D223FE91F0003D7353 /* FilterCollectionViewCell.swift in Sources */,
				64FA58CD23FE8C48003D7353 /* FilterTableViewHeaderView.swift in Sources */,
				6406275C23EA936700086434 /* ReadPostViewController.swift in Sources */,
				64FA58CA23FE86E5003D7353 /* FilterCollectionTableViewCell.swift in Sources */,
				64FE4EC023E8091800A5D3EC /* ChatRoomSelfTableViewCell.swift in Sources */,
				64FAB12523ED49F70073235C /* ArticleManager.swift in Sources */,
				64FA8E46240256CA000A1334 /* CraftsmenFilterViewController.swift in Sources */,
				64FC819323E7E4D70027DDEE /* ChatListTableViewCell.swift in Sources */,
				64FE4ED423E983B200A5D3EC /* FavoriteViewController.swift in Sources */,
				64FA7CC823F550C600975B03 /* CharacterPickViewController.swift in Sources */,
				647A7CC223D83718005D1946 /* ArticleViewController.swift in Sources */,
				64FA42B023E3A7C80065DCEF /* UITableView+Extension.swift in Sources */,
				64FA58C623FE852A003D7353 /* FilterTableViewCell.swift in Sources */,
				64FA42AE23E3A7990065DCEF /* UICollectionView+Extension.swift in Sources */,
				6406276223EAA10100086434 /* ReadPostBottomView.swift in Sources */,
				64FE4EEA23EA72B900A5D3EC /* CraftsmenResumeViewController.swift in Sources */,
				6406275F23EA942900086434 /* ReadPostTableViewHeaderView.swift in Sources */,
				64FAB13123ED640A0073235C /* UIColor+Extension.swift in Sources */,
				64FE4ED623E983D500A5D3EC /* YourPostViewController.swift in Sources */,
				64FA8E4E2402660B000A1334 /* CraftsmenFilterCollectionReusableView.swift in Sources */,
				64FC819623E7E9D70027DDEE /* ChatRoomViewController.swift in Sources */,
				64FAB12723ED548A0073235C /* DecorateStyleViewController.swift in Sources */,
				64FA8E4824025B3D000A1334 /* CraftsmenFilterCondition.swift in Sources */,
				64FE4EDD23EA4A5900A5D3EC /* FavoriteTableViewCell.swift in Sources */,
				64FA8E3E23FF90FE000A1334 /* FilterViewController.swift in Sources */,
				64FAB12323ED36130073235C /* JGProgressWrapper.swift in Sources */,
				64012BA323F7FA81001D20D0 /* UploadProfolioTableViewCell.swift in Sources */,
				64FC818D23E7C26E0027DDEE /* ProfolioTableViewCell.swift in Sources */,
				64FC72F023FD2C12004F2A07 /* ProfolioCollectionReusableView.swift in Sources */,
				64FE4EC823E83E9400A5D3EC /* UITextField+Extension.swift in Sources */,
				64FC819923E7EE2D0027DDEE /* ChatRoomTableViewCell.swift in Sources */,
				64FAB13523EE528E0073235C /* LocationViewController.swift in Sources */,
				64FE4ED923E9875E00A5D3EC /* InfoTableViewCell.swift in Sources */,
				64FA429A23E341440065DCEF /* ArticleTableViewCell.swift in Sources */,
				64FA7CCA23F5511B00975B03 /* PickCraftsmenViewController.swift in Sources */,
				64FA42B323E3C5CD0065DCEF /* ResumeViewController.swift in Sources */,
				64FE4EE523EA643300A5D3EC /* YourPostCollectionViewCell.swift in Sources */,
				647A7CCE23D83C61005D1946 /* UIImage+Extension.swift in Sources */,
				64012B9B23F67043001D20D0 /* ServiceAreaCollectionViewCell.swift in Sources */,
				64FA42AA23E393280065DCEF /* CraftsmenCollectionViewCell.swift in Sources */,
				64FE4EC623E824D900A5D3EC /* LogInViewController.swift in Sources */,
				647A7CCC23D83BCE005D1946 /* UIStoryboard+Extension.swift in Sources */,
				64FAB14323EEB8C30073235C /* CollaboratorCollectionViewCell.swift in Sources */,
				64FAB12E23ED57900073235C /* DecorateStyleCollectionViewCell.swift in Sources */,
				64FAB14B23EFF0CD0073235C /* CollaboratorLogoCollectionViewCell.swift in Sources */,
				64FC72E623FD26FD004F2A07 /* PhotoPageContainerViewController.swift in Sources */,
				64FAB13923EEB6E00073235C /* CollaboratorViewController.swift in Sources */,
				64FC72EC23FD296B004F2A07 /* ZoomDismissalInteractionController.swift in Sources */,
				64FA429D23E347060065DCEF /* KingFisherWrapper.swift in Sources */,
				64FE4EC423E824CD00A5D3EC /* PickCustomerViewController.swift in Sources */,
				647A7CD923D83E5E005D1946 /* ProfileViewController.swift in Sources */,
				64FA7CC423F2366A00975B03 /* ReadPostTableViewFooterView.swift in Sources */,
				6406275923EA91EC00086434 /* ArticleAnimationTransition.swift in Sources */,
				64FC72E823FD270B004F2A07 /* PhotoZoomViewController.swift in Sources */,
				64FC72EE23FD2975004F2A07 /* ZoomTransitionController.swift in Sources */,
				64FC72F323FD3BD6004F2A07 /* ArticleListTableViewCell.swift in Sources */,
				64FA8E442400F479000A1334 /* FilterModel.swift in Sources */,
				64FE4ED023E95CB200A5D3EC /* RoundCorner+Shadow.swift in Sources */,
				64FC818923E7BF3F0027DDEE /* ProfolioCollectionViewCell.swift in Sources */,
				64FC72EA23FD2962004F2A07 /* ZoomAnimator.swift in Sources */,
				64FC72E423FD26EC004F2A07 /* ProfolioTestViewController.swift in Sources */,
				64FA429523DD3BD60065DCEF /* STBaseViewController.swift in Sources */,
				647A7CD323D83E33005D1946 /* AuthViewController.swift in Sources */,
				64FE4EE123EA55CB00A5D3EC /* YourPostTableViewCell.swift in Sources */,
				647A7CAC23D83376005D1946 /* AppDelegate.swift in Sources */,
				64FAB11F23EC001A0073235C /* UserManager.swift in Sources */,
			);
			runOnlyForDeploymentPostprocessing = 0;
		};
/* End PBXSourcesBuildPhase section */

/* Begin PBXVariantGroup section */
		647A7CB123D83376005D1946 /* Main.storyboard */ = {
			isa = PBXVariantGroup;
			children = (
				647A7CB223D83376005D1946 /* Base */,
			);
			name = Main.storyboard;
			sourceTree = "<group>";
		};
		647A7CB623D83377005D1946 /* LaunchScreen.storyboard */ = {
			isa = PBXVariantGroup;
			children = (
				647A7CB723D83377005D1946 /* Base */,
			);
			name = LaunchScreen.storyboard;
			sourceTree = "<group>";
		};
/* End PBXVariantGroup section */

/* Begin XCBuildConfiguration section */
		647A7CBA23D83377005D1946 /* Debug */ = {
			isa = XCBuildConfiguration;
			buildSettings = {
				ALWAYS_SEARCH_USER_PATHS = NO;
				CLANG_ANALYZER_NONNULL = YES;
				CLANG_ANALYZER_NUMBER_OBJECT_CONVERSION = YES_AGGRESSIVE;
				CLANG_CXX_LANGUAGE_STANDARD = "gnu++14";
				CLANG_CXX_LIBRARY = "libc++";
				CLANG_ENABLE_MODULES = YES;
				CLANG_ENABLE_OBJC_ARC = YES;
				CLANG_ENABLE_OBJC_WEAK = YES;
				CLANG_WARN_BLOCK_CAPTURE_AUTORELEASING = YES;
				CLANG_WARN_BOOL_CONVERSION = YES;
				CLANG_WARN_COMMA = YES;
				CLANG_WARN_CONSTANT_CONVERSION = YES;
				CLANG_WARN_DEPRECATED_OBJC_IMPLEMENTATIONS = YES;
				CLANG_WARN_DIRECT_OBJC_ISA_USAGE = YES_ERROR;
				CLANG_WARN_DOCUMENTATION_COMMENTS = YES;
				CLANG_WARN_EMPTY_BODY = YES;
				CLANG_WARN_ENUM_CONVERSION = YES;
				CLANG_WARN_INFINITE_RECURSION = YES;
				CLANG_WARN_INT_CONVERSION = YES;
				CLANG_WARN_NON_LITERAL_NULL_CONVERSION = YES;
				CLANG_WARN_OBJC_IMPLICIT_RETAIN_SELF = YES;
				CLANG_WARN_OBJC_LITERAL_CONVERSION = YES;
				CLANG_WARN_OBJC_ROOT_CLASS = YES_ERROR;
				CLANG_WARN_RANGE_LOOP_ANALYSIS = YES;
				CLANG_WARN_STRICT_PROTOTYPES = YES;
				CLANG_WARN_SUSPICIOUS_MOVE = YES;
				CLANG_WARN_UNGUARDED_AVAILABILITY = YES_AGGRESSIVE;
				CLANG_WARN_UNREACHABLE_CODE = YES;
				CLANG_WARN__DUPLICATE_METHOD_MATCH = YES;
				COPY_PHASE_STRIP = NO;
				DEBUG_INFORMATION_FORMAT = dwarf;
				ENABLE_STRICT_OBJC_MSGSEND = YES;
				ENABLE_TESTABILITY = YES;
				GCC_C_LANGUAGE_STANDARD = gnu11;
				GCC_DYNAMIC_NO_PIC = NO;
				GCC_NO_COMMON_BLOCKS = YES;
				GCC_OPTIMIZATION_LEVEL = 0;
				GCC_PREPROCESSOR_DEFINITIONS = (
					"DEBUG=1",
					"$(inherited)",
				);
				GCC_WARN_64_TO_32_BIT_CONVERSION = YES;
				GCC_WARN_ABOUT_RETURN_TYPE = YES_ERROR;
				GCC_WARN_UNDECLARED_SELECTOR = YES;
				GCC_WARN_UNINITIALIZED_AUTOS = YES_AGGRESSIVE;
				GCC_WARN_UNUSED_FUNCTION = YES;
				GCC_WARN_UNUSED_VARIABLE = YES;
				IPHONEOS_DEPLOYMENT_TARGET = 13.2;
				MTL_ENABLE_DEBUG_INFO = INCLUDE_SOURCE;
				MTL_FAST_MATH = YES;
				ONLY_ACTIVE_ARCH = YES;
				SDKROOT = iphoneos;
				SWIFT_ACTIVE_COMPILATION_CONDITIONS = DEBUG;
				SWIFT_OPTIMIZATION_LEVEL = "-Onone";
			};
			name = Debug;
		};
		647A7CBB23D83377005D1946 /* Release */ = {
			isa = XCBuildConfiguration;
			buildSettings = {
				ALWAYS_SEARCH_USER_PATHS = NO;
				CLANG_ANALYZER_NONNULL = YES;
				CLANG_ANALYZER_NUMBER_OBJECT_CONVERSION = YES_AGGRESSIVE;
				CLANG_CXX_LANGUAGE_STANDARD = "gnu++14";
				CLANG_CXX_LIBRARY = "libc++";
				CLANG_ENABLE_MODULES = YES;
				CLANG_ENABLE_OBJC_ARC = YES;
				CLANG_ENABLE_OBJC_WEAK = YES;
				CLANG_WARN_BLOCK_CAPTURE_AUTORELEASING = YES;
				CLANG_WARN_BOOL_CONVERSION = YES;
				CLANG_WARN_COMMA = YES;
				CLANG_WARN_CONSTANT_CONVERSION = YES;
				CLANG_WARN_DEPRECATED_OBJC_IMPLEMENTATIONS = YES;
				CLANG_WARN_DIRECT_OBJC_ISA_USAGE = YES_ERROR;
				CLANG_WARN_DOCUMENTATION_COMMENTS = YES;
				CLANG_WARN_EMPTY_BODY = YES;
				CLANG_WARN_ENUM_CONVERSION = YES;
				CLANG_WARN_INFINITE_RECURSION = YES;
				CLANG_WARN_INT_CONVERSION = YES;
				CLANG_WARN_NON_LITERAL_NULL_CONVERSION = YES;
				CLANG_WARN_OBJC_IMPLICIT_RETAIN_SELF = YES;
				CLANG_WARN_OBJC_LITERAL_CONVERSION = YES;
				CLANG_WARN_OBJC_ROOT_CLASS = YES_ERROR;
				CLANG_WARN_RANGE_LOOP_ANALYSIS = YES;
				CLANG_WARN_STRICT_PROTOTYPES = YES;
				CLANG_WARN_SUSPICIOUS_MOVE = YES;
				CLANG_WARN_UNGUARDED_AVAILABILITY = YES_AGGRESSIVE;
				CLANG_WARN_UNREACHABLE_CODE = YES;
				CLANG_WARN__DUPLICATE_METHOD_MATCH = YES;
				COPY_PHASE_STRIP = NO;
				DEBUG_INFORMATION_FORMAT = "dwarf-with-dsym";
				ENABLE_NS_ASSERTIONS = NO;
				ENABLE_STRICT_OBJC_MSGSEND = YES;
				GCC_C_LANGUAGE_STANDARD = gnu11;
				GCC_NO_COMMON_BLOCKS = YES;
				GCC_WARN_64_TO_32_BIT_CONVERSION = YES;
				GCC_WARN_ABOUT_RETURN_TYPE = YES_ERROR;
				GCC_WARN_UNDECLARED_SELECTOR = YES;
				GCC_WARN_UNINITIALIZED_AUTOS = YES_AGGRESSIVE;
				GCC_WARN_UNUSED_FUNCTION = YES;
				GCC_WARN_UNUSED_VARIABLE = YES;
				IPHONEOS_DEPLOYMENT_TARGET = 13.2;
				MTL_ENABLE_DEBUG_INFO = NO;
				MTL_FAST_MATH = YES;
				SDKROOT = iphoneos;
				SWIFT_COMPILATION_MODE = wholemodule;
				SWIFT_OPTIMIZATION_LEVEL = "-O";
				VALIDATE_PRODUCT = YES;
			};
			name = Release;
		};
		647A7CBD23D83377005D1946 /* Debug */ = {
			isa = XCBuildConfiguration;
			baseConfigurationReference = 1F3011E028BC5AE10C835F5E /* Pods-DecorYou.debug.xcconfig */;
			buildSettings = {
				ASSETCATALOG_COMPILER_APPICON_NAME = AppIcon;
				CODE_SIGN_STYLE = Automatic;
				DEVELOPMENT_TEAM = 2D5SP97CPJ;
				INFOPLIST_FILE = DecorYou/Info.plist;
				LD_RUNPATH_SEARCH_PATHS = (
					"$(inherited)",
					"@executable_path/Frameworks",
				);
				PRODUCT_BUNDLE_IDENTIFIER = com.hamburger.DecorYou;
				PRODUCT_NAME = "$(TARGET_NAME)";
				SWIFT_VERSION = 5.0;
				TARGETED_DEVICE_FAMILY = "1,2";
			};
			name = Debug;
		};
		647A7CBE23D83377005D1946 /* Release */ = {
			isa = XCBuildConfiguration;
			baseConfigurationReference = 16811DD988D5917B85CF4132 /* Pods-DecorYou.release.xcconfig */;
			buildSettings = {
				ASSETCATALOG_COMPILER_APPICON_NAME = AppIcon;
				CODE_SIGN_STYLE = Automatic;
				DEVELOPMENT_TEAM = 2D5SP97CPJ;
				INFOPLIST_FILE = DecorYou/Info.plist;
				LD_RUNPATH_SEARCH_PATHS = (
					"$(inherited)",
					"@executable_path/Frameworks",
				);
				PRODUCT_BUNDLE_IDENTIFIER = com.hamburger.DecorYou;
				PRODUCT_NAME = "$(TARGET_NAME)";
				SWIFT_VERSION = 5.0;
				TARGETED_DEVICE_FAMILY = "1,2";
			};
			name = Release;
		};
/* End XCBuildConfiguration section */

/* Begin XCConfigurationList section */
		647A7CA323D83376005D1946 /* Build configuration list for PBXProject "DecorYou" */ = {
			isa = XCConfigurationList;
			buildConfigurations = (
				647A7CBA23D83377005D1946 /* Debug */,
				647A7CBB23D83377005D1946 /* Release */,
			);
			defaultConfigurationIsVisible = 0;
			defaultConfigurationName = Release;
		};
		647A7CBC23D83377005D1946 /* Build configuration list for PBXNativeTarget "DecorYou" */ = {
			isa = XCConfigurationList;
			buildConfigurations = (
				647A7CBD23D83377005D1946 /* Debug */,
				647A7CBE23D83377005D1946 /* Release */,
			);
			defaultConfigurationIsVisible = 0;
			defaultConfigurationName = Release;
		};
/* End XCConfigurationList section */
	};
	rootObject = 647A7CA023D83376005D1946 /* Project object */;
}
